
Microsoft Visual Studio Solution File, Format Version 12.00
# Visual Studio Version 17
VisualStudioVersion = 17.0.31903.59
MinimumVisualStudioVersion = 10.0.40219.1
Project("{2150E333-8FDC-42A3-9474-1A3956D46DE8}") = "src", "src", "{827E0CD3-B72D-47B6-A68D-7590B98EB39B}"
EndProject
Project("{FAE04EC0-301F-11D3-BF4B-00C04F79EFBC}") = "TurboMediator.Abstractions", "src\TurboMediator.Abstractions\TurboMediator.Abstractions.csproj", "{F2D436C6-FF73-4FBF-8DB6-AADFBA160321}"
EndProject
Project("{FAE04EC0-301F-11D3-BF4B-00C04F79EFBC}") = "TurboMediator.SourceGenerator", "src\TurboMediator.SourceGenerator\TurboMediator.SourceGenerator.csproj", "{FC9498CD-BBE2-491B-AEA7-4B5E6976BED5}"
EndProject
Project("{2150E333-8FDC-42A3-9474-1A3956D46DE8}") = "samples", "samples", "{5D20AA90-6969-D8BD-9DCD-8634F4692FDA}"
EndProject
Project("{FAE04EC0-301F-11D3-BF4B-00C04F79EFBC}") = "TurboMediator.Sample", "samples\TurboMediator.Sample\TurboMediator.Sample.csproj", "{9662D97D-7463-438E-BC44-62DFFC3AF1AE}"
EndProject
Project("{2150E333-8FDC-42A3-9474-1A3956D46DE8}") = "tests", "tests", "{0AB3BF05-4346-4AA6-1389-037BE0695223}"
EndProject
Project("{FAE04EC0-301F-11D3-BF4B-00C04F79EFBC}") = "TurboMediator.Tests", "tests\TurboMediator.Tests\TurboMediator.Tests.csproj", "{36CE6C3B-D567-4CB9-BBF7-A4BF03BCC376}"
EndProject
Project("{FAE04EC0-301F-11D3-BF4B-00C04F79EFBC}") = "TurboMediator.Resilience", "src\TurboMediator.Resilience\TurboMediator.Resilience.csproj", "{D078E54C-F906-4B47-A7DC-DDDA83A80B3D}"
EndProject
Project("{FAE04EC0-301F-11D3-BF4B-00C04F79EFBC}") = "TurboMediator.Result", "src\TurboMediator.Result\TurboMediator.Result.csproj", "{3A1B94E2-5C8D-4F71-B823-9D0E6F2A4C17}"
EndProject
Project("{FAE04EC0-301F-11D3-BF4B-00C04F79EFBC}") = "TurboMediator.Observability", "src\TurboMediator.Observability\TurboMediator.Observability.csproj", "{5E7F1987-5623-429D-8C15-0791D609282D}"
EndProject
Project("{FAE04EC0-301F-11D3-BF4B-00C04F79EFBC}") = "TurboMediator.Enterprise", "src\TurboMediator.Enterprise\TurboMediator.Enterprise.csproj", "{9F3EF938-F983-44B7-9CC8-2631B1C2D2FF}"
EndProject
Project("{FAE04EC0-301F-11D3-BF4B-00C04F79EFBC}") = "TurboMediator.FluentValidation", "src\TurboMediator.FluentValidation\TurboMediator.FluentValidation.csproj", "{8207C5E5-A291-462D-AA08-52239AC67A73}"
EndProject
Project("{FAE04EC0-301F-11D3-BF4B-00C04F79EFBC}") = "TurboMediator.Persistence.EntityFramework", "src\TurboMediator.Persistence.EntityFramework\TurboMediator.Persistence.EntityFramework.csproj", "{1A8B39BA-A50F-4CEA-95E5-A50D75A4F203}"
EndProject
Project("{FAE04EC0-301F-11D3-BF4B-00C04F79EFBC}") = "TurboMediator.RateLimiting", "src\TurboMediator.RateLimiting\TurboMediator.RateLimiting.csproj", "{BD7D517D-4798-42EF-BEE4-F78B53E6A6EF}"
EndProject
Project("{FAE04EC0-301F-11D3-BF4B-00C04F79EFBC}") = "TurboMediator.Testing", "src\TurboMediator.Testing\TurboMediator.Testing.csproj", "{4616BB00-D80E-443F-9F88-2A2A00F025BC}"
EndProject
Project("{FAE04EC0-301F-11D3-BF4B-00C04F79EFBC}") = "TurboMediator.Saga", "src\TurboMediator.Saga\TurboMediator.Saga.csproj", "{EDA46E58-B7F8-49D8-9129-7172437CAE7A}"
EndProject
Project("{FAE04EC0-301F-11D3-BF4B-00C04F79EFBC}") = "TurboMediator.FeatureFlags", "src\TurboMediator.FeatureFlags\TurboMediator.FeatureFlags.csproj", "{9F3B54CE-AE8E-4A38-ADC4-DA5B8A103ADC}"
EndProject
Project("{FAE04EC0-301F-11D3-BF4B-00C04F79EFBC}") = "TurboMediator.Batching", "src\TurboMediator.Batching\TurboMediator.Batching.csproj", "{426A6809-83E3-4659-8EF3-2F5271CD264C}"
EndProject
Project("{FAE04EC0-301F-11D3-BF4B-00C04F79EFBC}") = "TurboMediator.Saga.EntityFramework", "src\TurboMediator.Saga.EntityFramework\TurboMediator.Saga.EntityFramework.csproj", "{855DD39A-9473-487B-80F1-FB8D3490D582}"
EndProject
Project("{FAE04EC0-301F-11D3-BF4B-00C04F79EFBC}") = "TurboMediator.FeatureFlags.FeatureManagement", "src\TurboMediator.FeatureFlags.FeatureManagement\TurboMediator.FeatureFlags.FeatureManagement.csproj", "{E7E67F83-ECCC-46E6-A296-6215C08EC618}"
EndProject
Project("{FAE04EC0-301F-11D3-BF4B-00C04F79EFBC}") = "TurboMediator.Cli", "src\TurboMediator.Cli\TurboMediator.Cli.csproj", "{7ACFBAF8-F45C-431B-BB3F-9A0056238AF3}"
EndProject
Project("{FAE04EC0-301F-11D3-BF4B-00C04F79EFBC}") = "TurboMediator.Persistence", "src\TurboMediator.Persistence\TurboMediator.Persistence.csproj", "{F0EB88CF-F345-402D-BD31-B3B99EBBD053}"
EndProject
Project("{FAE04EC0-301F-11D3-BF4B-00C04F79EFBC}") = "Starter.GettingStarted", "samples\Starter.GettingStarted\Starter.GettingStarted.csproj", "{B766CE2C-0AE1-4371-8F7A-DDD60124C5BB}"
EndProject
Project("{FAE04EC0-301F-11D3-BF4B-00C04F79EFBC}") = "Sample.FluentValidation", "samples\Sample.FluentValidation\Sample.FluentValidation.csproj", "{EDD3ED47-1E66-40F8-A203-042B674394BE}"
EndProject
Project("{FAE04EC0-301F-11D3-BF4B-00C04F79EFBC}") = "Sample.Resilience", "samples\Sample.Resilience\Sample.Resilience.csproj", "{C4DB530F-30A3-4FCF-BA02-FF1432E0BDC2}"
EndProject
Project("{FAE04EC0-301F-11D3-BF4B-00C04F79EFBC}") = "Sample.Observability", "samples\Sample.Observability\Sample.Observability.csproj", "{52092FE3-27DF-4583-839F-FD9B677BAE12}"
EndProject
Project("{FAE04EC0-301F-11D3-BF4B-00C04F79EFBC}") = "Sample.Enterprise", "samples\Sample.Enterprise\Sample.Enterprise.csproj", "{3128E829-4175-43AB-9AD4-E797BFBDF47C}"
EndProject
Project("{FAE04EC0-301F-11D3-BF4B-00C04F79EFBC}") = "Sample.RateLimiting", "samples\Sample.RateLimiting\Sample.RateLimiting.csproj", "{A6750570-EC9E-4227-8B15-BAACB3226CED}"
EndProject
Project("{FAE04EC0-301F-11D3-BF4B-00C04F79EFBC}") = "Sample.Persistence", "samples\Sample.Persistence\Sample.Persistence.csproj", "{C5556A16-233D-4B28-954A-04FAFB9B477F}"
EndProject
Project("{FAE04EC0-301F-11D3-BF4B-00C04F79EFBC}") = "Sample.Saga", "samples\Sample.Saga\Sample.Saga.csproj", "{B428AE60-4894-4522-B505-BD48AF8C0AC7}"
EndProject
Project("{FAE04EC0-301F-11D3-BF4B-00C04F79EFBC}") = "Sample.FeatureFlags", "samples\Sample.FeatureFlags\Sample.FeatureFlags.csproj", "{E8C4BF7F-68EB-4A40-9C51-9CD30FCF1811}"
EndProject
Project("{FAE04EC0-301F-11D3-BF4B-00C04F79EFBC}") = "Sample.Batching", "samples\Sample.Batching\Sample.Batching.csproj", "{35D030F8-73DF-439D-9CAB-FC5AAF08E343}"
EndProject
Project("{FAE04EC0-301F-11D3-BF4B-00C04F79EFBC}") = "Sample.Testing", "samples\Sample.Testing\Sample.Testing.csproj", "{66DB4F88-CB4C-490D-9C01-D4D14C3C990D}"
EndProject
Project("{FAE04EC0-301F-11D3-BF4B-00C04F79EFBC}") = "Sample.RealWorld", "samples\Sample.RealWorld\Sample.RealWorld.csproj", "{38C098BD-6AC4-4CF0-B5E7-2524A5B9F45C}"
EndProject
Project("{FAE04EC0-301F-11D3-BF4B-00C04F79EFBC}") = "TurboMediator", "src\TurboMediator\TurboMediator.csproj", "{626AA9C9-3F1C-432E-B512-65B71EB71E2B}"
EndProject
Project("{FAE04EC0-301F-11D3-BF4B-00C04F79EFBC}") = "TurboMediator.Caching", "src\TurboMediator.Caching\TurboMediator.Caching.csproj", "{E73DE53B-6059-435F-911E-D8958EF040C4}"
EndProject
Project("{FAE04EC0-301F-11D3-BF4B-00C04F79EFBC}") = "TurboMediator.Validation", "src\TurboMediator.Validation\TurboMediator.Validation.csproj", "{78DF1EBB-70FB-410E-A9FB-2FBC6BEB1D09}"
EndProject
Project("{FAE04EC0-301F-11D3-BF4B-00C04F79EFBC}") = "TurboMediator.Caching.Redis", "src\TurboMediator.Caching.Redis\TurboMediator.Caching.Redis.csproj", "{914C5EF9-5B7D-49B0-845B-9ECF05D7D913}"
EndProject
Project("{FAE04EC0-301F-11D3-BF4B-00C04F79EFBC}") = "TurboMediator.StateMachine", "src\TurboMediator.StateMachine\TurboMediator.StateMachine.csproj", "{A47F36A6-6DAD-4CD6-B918-177FF4A98BDB}"
EndProject
Project("{FAE04EC0-301F-11D3-BF4B-00C04F79EFBC}") = "TurboMediator.StateMachine.EntityFramework", "src\TurboMediator.StateMachine.EntityFramework\TurboMediator.StateMachine.EntityFramework.csproj", "{F40F4DBB-E982-490B-AE07-5005764D725A}"
EndProject
Project("{FAE04EC0-301F-11D3-BF4B-00C04F79EFBC}") = "Sample.StateMachine", "samples\Sample.StateMachine\Sample.StateMachine.csproj", "{857E6864-B8B0-40F9-9EE3-760DD89F35D0}"
EndProject
Project("{FAE04EC0-301F-11D3-BF4B-00C04F79EFBC}") = "Sample.Caching", "samples\Sample.Caching\Sample.Caching.csproj", "{7426AA95-C543-4DD4-AD62-9A66C3F7ADDA}"
EndProject
Project("{FAE04EC0-301F-11D3-BF4B-00C04F79EFBC}") = "Sample.Validation", "samples\Sample.Validation\Sample.Validation.csproj", "{A5286AC0-F411-4F4F-84F0-833026778710}"
EndProject
Project("{FAE04EC0-301F-11D3-BF4B-00C04F79EFBC}") = "Sample.Result", "samples\Sample.Result\Sample.Result.csproj", "{B1C2D3E4-F5A6-7890-ABCD-EF1234567890}"
EndProject
Project("{FAE04EC0-301F-11D3-BF4B-00C04F79EFBC}") = "TurboMediator.DistributedLocking", "src\TurboMediator.DistributedLocking\TurboMediator.DistributedLocking.csproj", "{E98756A4-E0F1-4F67-8BF5-BB979B3E632C}"
EndProject
Project("{FAE04EC0-301F-11D3-BF4B-00C04F79EFBC}") = "TurboMediator.DistributedLocking.Redis", "src\TurboMediator.DistributedLocking.Redis\TurboMediator.DistributedLocking.Redis.csproj", "{D96D94DA-02D5-42B3-9790-94D843DA8282}"
EndProject
Project("{FAE04EC0-301F-11D3-BF4B-00C04F79EFBC}") = "Sample.DistributedLocking", "samples\Sample.DistributedLocking\Sample.DistributedLocking.csproj", "{299DC8F9-5723-4FAD-B32F-1412B2CCB50D}"
EndProject
Project("{FAE04EC0-301F-11D3-BF4B-00C04F79EFBC}") = "TurboMediator.Scheduling", "src\TurboMediator.Scheduling\TurboMediator.Scheduling.csproj", "{4350FAB2-C943-41BD-8E0F-8CA355CFBAC4}"
EndProject
Project("{FAE04EC0-301F-11D3-BF4B-00C04F79EFBC}") = "TurboMediator.Scheduling.EntityFramework", "src\TurboMediator.Scheduling.EntityFramework\TurboMediator.Scheduling.EntityFramework.csproj", "{E0E255C5-0499-4BFE-BB44-AB491A4637AF}"
EndProject
Project("{FAE04EC0-301F-11D3-BF4B-00C04F79EFBC}") = "Sample.Scheduling", "samples\Sample.Scheduling\Sample.Scheduling.csproj", "{8A0CBFF4-F342-4D92-A983-70EA8D3CD8A0}"
EndProject
Project("{2150E333-8FDC-42A3-9474-1A3956D46DE8}") = "benchmarks", "benchmarks", "{A6F96D4E-AC77-45F3-989E-6760DAE87AA1}"
EndProject
Project("{FAE04EC0-301F-11D3-BF4B-00C04F79EFBC}") = "TurboMediator.Benchmarks", "benchmarks\TurboMediator.Benchmarks\TurboMediator.Benchmarks.csproj", "{85A74094-C4FE-4A4C-89EE-3467AC2AFE87}"
EndProject
Project("{FAE04EC0-301F-11D3-BF4B-00C04F79EFBC}") = "TurboMediator.Benchmarks.Shared", "benchmarks\TurboMediator.Benchmarks.Shared\TurboMediator.Benchmarks.Shared.csproj", "{C84A07B0-DBE0-4B03-88A4-A038F0FAE7A3}"
EndProject
Project("{FAE04EC0-301F-11D3-BF4B-00C04F79EFBC}") = "TurboMediator.Benchmarks.TurboHandlers", "benchmarks\TurboMediator.Benchmarks.TurboHandlers\TurboMediator.Benchmarks.TurboHandlers.csproj", "{EEC6A29A-DC28-47BC-AE94-FB00758C6937}"
EndProject
Project("{FAE04EC0-301F-11D3-BF4B-00C04F79EFBC}") = "TurboMediator.Benchmarks.SourceGenHandlers", "benchmarks\TurboMediator.Benchmarks.SourceGenHandlers\TurboMediator.Benchmarks.SourceGenHandlers.csproj", "{99A1623A-EA46-4D06-99CE-30F966259DF8}"
EndProject
Global
	GlobalSection(SolutionConfigurationPlatforms) = preSolution
		Debug|Any CPU = Debug|Any CPU
		Debug|x64 = Debug|x64
		Debug|x86 = Debug|x86
		Release|Any CPU = Release|Any CPU
		Release|x64 = Release|x64
		Release|x86 = Release|x86
	EndGlobalSection
	GlobalSection(ProjectConfigurationPlatforms) = postSolution
		{F2D436C6-FF73-4FBF-8DB6-AADFBA160321}.Debug|Any CPU.ActiveCfg = Debug|Any CPU
		{F2D436C6-FF73-4FBF-8DB6-AADFBA160321}.Debug|Any CPU.Build.0 = Debug|Any CPU
		{F2D436C6-FF73-4FBF-8DB6-AADFBA160321}.Debug|x64.ActiveCfg = Debug|Any CPU
		{F2D436C6-FF73-4FBF-8DB6-AADFBA160321}.Debug|x64.Build.0 = Debug|Any CPU
		{F2D436C6-FF73-4FBF-8DB6-AADFBA160321}.Debug|x86.ActiveCfg = Debug|Any CPU
		{F2D436C6-FF73-4FBF-8DB6-AADFBA160321}.Debug|x86.Build.0 = Debug|Any CPU
		{F2D436C6-FF73-4FBF-8DB6-AADFBA160321}.Release|Any CPU.ActiveCfg = Release|Any CPU
		{F2D436C6-FF73-4FBF-8DB6-AADFBA160321}.Release|Any CPU.Build.0 = Release|Any CPU
		{F2D436C6-FF73-4FBF-8DB6-AADFBA160321}.Release|x64.ActiveCfg = Release|Any CPU
		{F2D436C6-FF73-4FBF-8DB6-AADFBA160321}.Release|x64.Build.0 = Release|Any CPU
		{F2D436C6-FF73-4FBF-8DB6-AADFBA160321}.Release|x86.ActiveCfg = Release|Any CPU
		{F2D436C6-FF73-4FBF-8DB6-AADFBA160321}.Release|x86.Build.0 = Release|Any CPU
		{FC9498CD-BBE2-491B-AEA7-4B5E6976BED5}.Debug|Any CPU.ActiveCfg = Debug|Any CPU
		{FC9498CD-BBE2-491B-AEA7-4B5E6976BED5}.Debug|Any CPU.Build.0 = Debug|Any CPU
		{FC9498CD-BBE2-491B-AEA7-4B5E6976BED5}.Debug|x64.ActiveCfg = Debug|Any CPU
		{FC9498CD-BBE2-491B-AEA7-4B5E6976BED5}.Debug|x64.Build.0 = Debug|Any CPU
		{FC9498CD-BBE2-491B-AEA7-4B5E6976BED5}.Debug|x86.ActiveCfg = Debug|Any CPU
		{FC9498CD-BBE2-491B-AEA7-4B5E6976BED5}.Debug|x86.Build.0 = Debug|Any CPU
		{FC9498CD-BBE2-491B-AEA7-4B5E6976BED5}.Release|Any CPU.ActiveCfg = Release|Any CPU
		{FC9498CD-BBE2-491B-AEA7-4B5E6976BED5}.Release|Any CPU.Build.0 = Release|Any CPU
		{FC9498CD-BBE2-491B-AEA7-4B5E6976BED5}.Release|x64.ActiveCfg = Release|Any CPU
		{FC9498CD-BBE2-491B-AEA7-4B5E6976BED5}.Release|x64.Build.0 = Release|Any CPU
		{FC9498CD-BBE2-491B-AEA7-4B5E6976BED5}.Release|x86.ActiveCfg = Release|Any CPU
		{FC9498CD-BBE2-491B-AEA7-4B5E6976BED5}.Release|x86.Build.0 = Release|Any CPU
		{9662D97D-7463-438E-BC44-62DFFC3AF1AE}.Debug|Any CPU.ActiveCfg = Debug|Any CPU
		{9662D97D-7463-438E-BC44-62DFFC3AF1AE}.Debug|Any CPU.Build.0 = Debug|Any CPU
		{9662D97D-7463-438E-BC44-62DFFC3AF1AE}.Debug|x64.ActiveCfg = Debug|Any CPU
		{9662D97D-7463-438E-BC44-62DFFC3AF1AE}.Debug|x64.Build.0 = Debug|Any CPU
		{9662D97D-7463-438E-BC44-62DFFC3AF1AE}.Debug|x86.ActiveCfg = Debug|Any CPU
		{9662D97D-7463-438E-BC44-62DFFC3AF1AE}.Debug|x86.Build.0 = Debug|Any CPU
		{9662D97D-7463-438E-BC44-62DFFC3AF1AE}.Release|Any CPU.ActiveCfg = Release|Any CPU
		{9662D97D-7463-438E-BC44-62DFFC3AF1AE}.Release|Any CPU.Build.0 = Release|Any CPU
		{9662D97D-7463-438E-BC44-62DFFC3AF1AE}.Release|x64.ActiveCfg = Release|Any CPU
		{9662D97D-7463-438E-BC44-62DFFC3AF1AE}.Release|x64.Build.0 = Release|Any CPU
		{9662D97D-7463-438E-BC44-62DFFC3AF1AE}.Release|x86.ActiveCfg = Release|Any CPU
		{9662D97D-7463-438E-BC44-62DFFC3AF1AE}.Release|x86.Build.0 = Release|Any CPU
		{36CE6C3B-D567-4CB9-BBF7-A4BF03BCC376}.Debug|Any CPU.ActiveCfg = Debug|Any CPU
		{36CE6C3B-D567-4CB9-BBF7-A4BF03BCC376}.Debug|Any CPU.Build.0 = Debug|Any CPU
		{36CE6C3B-D567-4CB9-BBF7-A4BF03BCC376}.Debug|x64.ActiveCfg = Debug|Any CPU
		{36CE6C3B-D567-4CB9-BBF7-A4BF03BCC376}.Debug|x64.Build.0 = Debug|Any CPU
		{36CE6C3B-D567-4CB9-BBF7-A4BF03BCC376}.Debug|x86.ActiveCfg = Debug|Any CPU
		{36CE6C3B-D567-4CB9-BBF7-A4BF03BCC376}.Debug|x86.Build.0 = Debug|Any CPU
		{36CE6C3B-D567-4CB9-BBF7-A4BF03BCC376}.Release|Any CPU.ActiveCfg = Release|Any CPU
		{36CE6C3B-D567-4CB9-BBF7-A4BF03BCC376}.Release|Any CPU.Build.0 = Release|Any CPU
		{36CE6C3B-D567-4CB9-BBF7-A4BF03BCC376}.Release|x64.ActiveCfg = Release|Any CPU
		{36CE6C3B-D567-4CB9-BBF7-A4BF03BCC376}.Release|x64.Build.0 = Release|Any CPU
		{36CE6C3B-D567-4CB9-BBF7-A4BF03BCC376}.Release|x86.ActiveCfg = Release|Any CPU
		{36CE6C3B-D567-4CB9-BBF7-A4BF03BCC376}.Release|x86.Build.0 = Release|Any CPU
		{D078E54C-F906-4B47-A7DC-DDDA83A80B3D}.Debug|Any CPU.ActiveCfg = Debug|Any CPU
		{D078E54C-F906-4B47-A7DC-DDDA83A80B3D}.Debug|Any CPU.Build.0 = Debug|Any CPU
		{D078E54C-F906-4B47-A7DC-DDDA83A80B3D}.Debug|x64.ActiveCfg = Debug|Any CPU
		{D078E54C-F906-4B47-A7DC-DDDA83A80B3D}.Debug|x64.Build.0 = Debug|Any CPU
		{D078E54C-F906-4B47-A7DC-DDDA83A80B3D}.Debug|x86.ActiveCfg = Debug|Any CPU
		{D078E54C-F906-4B47-A7DC-DDDA83A80B3D}.Debug|x86.Build.0 = Debug|Any CPU
		{D078E54C-F906-4B47-A7DC-DDDA83A80B3D}.Release|Any CPU.ActiveCfg = Release|Any CPU
		{D078E54C-F906-4B47-A7DC-DDDA83A80B3D}.Release|Any CPU.Build.0 = Release|Any CPU
		{D078E54C-F906-4B47-A7DC-DDDA83A80B3D}.Release|x64.ActiveCfg = Release|Any CPU
		{D078E54C-F906-4B47-A7DC-DDDA83A80B3D}.Release|x64.Build.0 = Release|Any CPU
		{D078E54C-F906-4B47-A7DC-DDDA83A80B3D}.Release|x86.ActiveCfg = Release|Any CPU
		{D078E54C-F906-4B47-A7DC-DDDA83A80B3D}.Release|x86.Build.0 = Release|Any CPU
		{3A1B94E2-5C8D-4F71-B823-9D0E6F2A4C17}.Debug|Any CPU.ActiveCfg = Debug|Any CPU
		{3A1B94E2-5C8D-4F71-B823-9D0E6F2A4C17}.Debug|Any CPU.Build.0 = Debug|Any CPU
		{3A1B94E2-5C8D-4F71-B823-9D0E6F2A4C17}.Debug|x64.ActiveCfg = Debug|Any CPU
		{3A1B94E2-5C8D-4F71-B823-9D0E6F2A4C17}.Debug|x64.Build.0 = Debug|Any CPU
		{3A1B94E2-5C8D-4F71-B823-9D0E6F2A4C17}.Debug|x86.ActiveCfg = Debug|Any CPU
		{3A1B94E2-5C8D-4F71-B823-9D0E6F2A4C17}.Debug|x86.Build.0 = Debug|Any CPU
		{3A1B94E2-5C8D-4F71-B823-9D0E6F2A4C17}.Release|Any CPU.ActiveCfg = Release|Any CPU
		{3A1B94E2-5C8D-4F71-B823-9D0E6F2A4C17}.Release|Any CPU.Build.0 = Release|Any CPU
		{3A1B94E2-5C8D-4F71-B823-9D0E6F2A4C17}.Release|x64.ActiveCfg = Release|Any CPU
		{3A1B94E2-5C8D-4F71-B823-9D0E6F2A4C17}.Release|x64.Build.0 = Release|Any CPU
		{3A1B94E2-5C8D-4F71-B823-9D0E6F2A4C17}.Release|x86.ActiveCfg = Release|Any CPU
		{3A1B94E2-5C8D-4F71-B823-9D0E6F2A4C17}.Release|x86.Build.0 = Release|Any CPU
		{5E7F1987-5623-429D-8C15-0791D609282D}.Debug|Any CPU.ActiveCfg = Debug|Any CPU
		{5E7F1987-5623-429D-8C15-0791D609282D}.Debug|Any CPU.Build.0 = Debug|Any CPU
		{5E7F1987-5623-429D-8C15-0791D609282D}.Debug|x64.ActiveCfg = Debug|Any CPU
		{5E7F1987-5623-429D-8C15-0791D609282D}.Debug|x64.Build.0 = Debug|Any CPU
		{5E7F1987-5623-429D-8C15-0791D609282D}.Debug|x86.ActiveCfg = Debug|Any CPU
		{5E7F1987-5623-429D-8C15-0791D609282D}.Debug|x86.Build.0 = Debug|Any CPU
		{5E7F1987-5623-429D-8C15-0791D609282D}.Release|Any CPU.ActiveCfg = Release|Any CPU
		{5E7F1987-5623-429D-8C15-0791D609282D}.Release|Any CPU.Build.0 = Release|Any CPU
		{5E7F1987-5623-429D-8C15-0791D609282D}.Release|x64.ActiveCfg = Release|Any CPU
		{5E7F1987-5623-429D-8C15-0791D609282D}.Release|x64.Build.0 = Release|Any CPU
		{5E7F1987-5623-429D-8C15-0791D609282D}.Release|x86.ActiveCfg = Release|Any CPU
		{5E7F1987-5623-429D-8C15-0791D609282D}.Release|x86.Build.0 = Release|Any CPU
		{9F3EF938-F983-44B7-9CC8-2631B1C2D2FF}.Debug|Any CPU.ActiveCfg = Debug|Any CPU
		{9F3EF938-F983-44B7-9CC8-2631B1C2D2FF}.Debug|Any CPU.Build.0 = Debug|Any CPU
		{9F3EF938-F983-44B7-9CC8-2631B1C2D2FF}.Debug|x64.ActiveCfg = Debug|Any CPU
		{9F3EF938-F983-44B7-9CC8-2631B1C2D2FF}.Debug|x64.Build.0 = Debug|Any CPU
		{9F3EF938-F983-44B7-9CC8-2631B1C2D2FF}.Debug|x86.ActiveCfg = Debug|Any CPU
		{9F3EF938-F983-44B7-9CC8-2631B1C2D2FF}.Debug|x86.Build.0 = Debug|Any CPU
		{9F3EF938-F983-44B7-9CC8-2631B1C2D2FF}.Release|Any CPU.ActiveCfg = Release|Any CPU
		{9F3EF938-F983-44B7-9CC8-2631B1C2D2FF}.Release|Any CPU.Build.0 = Release|Any CPU
		{9F3EF938-F983-44B7-9CC8-2631B1C2D2FF}.Release|x64.ActiveCfg = Release|Any CPU
		{9F3EF938-F983-44B7-9CC8-2631B1C2D2FF}.Release|x64.Build.0 = Release|Any CPU
		{9F3EF938-F983-44B7-9CC8-2631B1C2D2FF}.Release|x86.ActiveCfg = Release|Any CPU
		{9F3EF938-F983-44B7-9CC8-2631B1C2D2FF}.Release|x86.Build.0 = Release|Any CPU
		{8207C5E5-A291-462D-AA08-52239AC67A73}.Debug|Any CPU.ActiveCfg = Debug|Any CPU
		{8207C5E5-A291-462D-AA08-52239AC67A73}.Debug|Any CPU.Build.0 = Debug|Any CPU
		{8207C5E5-A291-462D-AA08-52239AC67A73}.Debug|x64.ActiveCfg = Debug|Any CPU
		{8207C5E5-A291-462D-AA08-52239AC67A73}.Debug|x64.Build.0 = Debug|Any CPU
		{8207C5E5-A291-462D-AA08-52239AC67A73}.Debug|x86.ActiveCfg = Debug|Any CPU
		{8207C5E5-A291-462D-AA08-52239AC67A73}.Debug|x86.Build.0 = Debug|Any CPU
		{8207C5E5-A291-462D-AA08-52239AC67A73}.Release|Any CPU.ActiveCfg = Release|Any CPU
		{8207C5E5-A291-462D-AA08-52239AC67A73}.Release|Any CPU.Build.0 = Release|Any CPU
		{8207C5E5-A291-462D-AA08-52239AC67A73}.Release|x64.ActiveCfg = Release|Any CPU
		{8207C5E5-A291-462D-AA08-52239AC67A73}.Release|x64.Build.0 = Release|Any CPU
		{8207C5E5-A291-462D-AA08-52239AC67A73}.Release|x86.ActiveCfg = Release|Any CPU
		{8207C5E5-A291-462D-AA08-52239AC67A73}.Release|x86.Build.0 = Release|Any CPU
		{1A8B39BA-A50F-4CEA-95E5-A50D75A4F203}.Debug|Any CPU.ActiveCfg = Debug|Any CPU
		{1A8B39BA-A50F-4CEA-95E5-A50D75A4F203}.Debug|Any CPU.Build.0 = Debug|Any CPU
		{1A8B39BA-A50F-4CEA-95E5-A50D75A4F203}.Debug|x64.ActiveCfg = Debug|Any CPU
		{1A8B39BA-A50F-4CEA-95E5-A50D75A4F203}.Debug|x64.Build.0 = Debug|Any CPU
		{1A8B39BA-A50F-4CEA-95E5-A50D75A4F203}.Debug|x86.ActiveCfg = Debug|Any CPU
		{1A8B39BA-A50F-4CEA-95E5-A50D75A4F203}.Debug|x86.Build.0 = Debug|Any CPU
		{1A8B39BA-A50F-4CEA-95E5-A50D75A4F203}.Release|Any CPU.ActiveCfg = Release|Any CPU
		{1A8B39BA-A50F-4CEA-95E5-A50D75A4F203}.Release|Any CPU.Build.0 = Release|Any CPU
		{1A8B39BA-A50F-4CEA-95E5-A50D75A4F203}.Release|x64.ActiveCfg = Release|Any CPU
		{1A8B39BA-A50F-4CEA-95E5-A50D75A4F203}.Release|x64.Build.0 = Release|Any CPU
		{1A8B39BA-A50F-4CEA-95E5-A50D75A4F203}.Release|x86.ActiveCfg = Release|Any CPU
		{1A8B39BA-A50F-4CEA-95E5-A50D75A4F203}.Release|x86.Build.0 = Release|Any CPU
		{BD7D517D-4798-42EF-BEE4-F78B53E6A6EF}.Debug|Any CPU.ActiveCfg = Debug|Any CPU
		{BD7D517D-4798-42EF-BEE4-F78B53E6A6EF}.Debug|Any CPU.Build.0 = Debug|Any CPU
		{BD7D517D-4798-42EF-BEE4-F78B53E6A6EF}.Debug|x64.ActiveCfg = Debug|Any CPU
		{BD7D517D-4798-42EF-BEE4-F78B53E6A6EF}.Debug|x64.Build.0 = Debug|Any CPU
		{BD7D517D-4798-42EF-BEE4-F78B53E6A6EF}.Debug|x86.ActiveCfg = Debug|Any CPU
		{BD7D517D-4798-42EF-BEE4-F78B53E6A6EF}.Debug|x86.Build.0 = Debug|Any CPU
		{BD7D517D-4798-42EF-BEE4-F78B53E6A6EF}.Release|Any CPU.ActiveCfg = Release|Any CPU
		{BD7D517D-4798-42EF-BEE4-F78B53E6A6EF}.Release|Any CPU.Build.0 = Release|Any CPU
		{BD7D517D-4798-42EF-BEE4-F78B53E6A6EF}.Release|x64.ActiveCfg = Release|Any CPU
		{BD7D517D-4798-42EF-BEE4-F78B53E6A6EF}.Release|x64.Build.0 = Release|Any CPU
		{BD7D517D-4798-42EF-BEE4-F78B53E6A6EF}.Release|x86.ActiveCfg = Release|Any CPU
		{BD7D517D-4798-42EF-BEE4-F78B53E6A6EF}.Release|x86.Build.0 = Release|Any CPU
		{4616BB00-D80E-443F-9F88-2A2A00F025BC}.Debug|Any CPU.ActiveCfg = Debug|Any CPU
		{4616BB00-D80E-443F-9F88-2A2A00F025BC}.Debug|Any CPU.Build.0 = Debug|Any CPU
		{4616BB00-D80E-443F-9F88-2A2A00F025BC}.Debug|x64.ActiveCfg = Debug|Any CPU
		{4616BB00-D80E-443F-9F88-2A2A00F025BC}.Debug|x64.Build.0 = Debug|Any CPU
		{4616BB00-D80E-443F-9F88-2A2A00F025BC}.Debug|x86.ActiveCfg = Debug|Any CPU
		{4616BB00-D80E-443F-9F88-2A2A00F025BC}.Debug|x86.Build.0 = Debug|Any CPU
		{4616BB00-D80E-443F-9F88-2A2A00F025BC}.Release|Any CPU.ActiveCfg = Release|Any CPU
		{4616BB00-D80E-443F-9F88-2A2A00F025BC}.Release|Any CPU.Build.0 = Release|Any CPU
		{4616BB00-D80E-443F-9F88-2A2A00F025BC}.Release|x64.ActiveCfg = Release|Any CPU
		{4616BB00-D80E-443F-9F88-2A2A00F025BC}.Release|x64.Build.0 = Release|Any CPU
		{4616BB00-D80E-443F-9F88-2A2A00F025BC}.Release|x86.ActiveCfg = Release|Any CPU
		{4616BB00-D80E-443F-9F88-2A2A00F025BC}.Release|x86.Build.0 = Release|Any CPU
		{EDA46E58-B7F8-49D8-9129-7172437CAE7A}.Debug|Any CPU.ActiveCfg = Debug|Any CPU
		{EDA46E58-B7F8-49D8-9129-7172437CAE7A}.Debug|Any CPU.Build.0 = Debug|Any CPU
		{EDA46E58-B7F8-49D8-9129-7172437CAE7A}.Debug|x64.ActiveCfg = Debug|Any CPU
		{EDA46E58-B7F8-49D8-9129-7172437CAE7A}.Debug|x64.Build.0 = Debug|Any CPU
		{EDA46E58-B7F8-49D8-9129-7172437CAE7A}.Debug|x86.ActiveCfg = Debug|Any CPU
		{EDA46E58-B7F8-49D8-9129-7172437CAE7A}.Debug|x86.Build.0 = Debug|Any CPU
		{EDA46E58-B7F8-49D8-9129-7172437CAE7A}.Release|Any CPU.ActiveCfg = Release|Any CPU
		{EDA46E58-B7F8-49D8-9129-7172437CAE7A}.Release|Any CPU.Build.0 = Release|Any CPU
		{EDA46E58-B7F8-49D8-9129-7172437CAE7A}.Release|x64.ActiveCfg = Release|Any CPU
		{EDA46E58-B7F8-49D8-9129-7172437CAE7A}.Release|x64.Build.0 = Release|Any CPU
		{EDA46E58-B7F8-49D8-9129-7172437CAE7A}.Release|x86.ActiveCfg = Release|Any CPU
		{EDA46E58-B7F8-49D8-9129-7172437CAE7A}.Release|x86.Build.0 = Release|Any CPU
		{9F3B54CE-AE8E-4A38-ADC4-DA5B8A103ADC}.Debug|Any CPU.ActiveCfg = Debug|Any CPU
		{9F3B54CE-AE8E-4A38-ADC4-DA5B8A103ADC}.Debug|Any CPU.Build.0 = Debug|Any CPU
		{9F3B54CE-AE8E-4A38-ADC4-DA5B8A103ADC}.Debug|x64.ActiveCfg = Debug|Any CPU
		{9F3B54CE-AE8E-4A38-ADC4-DA5B8A103ADC}.Debug|x64.Build.0 = Debug|Any CPU
		{9F3B54CE-AE8E-4A38-ADC4-DA5B8A103ADC}.Debug|x86.ActiveCfg = Debug|Any CPU
		{9F3B54CE-AE8E-4A38-ADC4-DA5B8A103ADC}.Debug|x86.Build.0 = Debug|Any CPU
		{9F3B54CE-AE8E-4A38-ADC4-DA5B8A103ADC}.Release|Any CPU.ActiveCfg = Release|Any CPU
		{9F3B54CE-AE8E-4A38-ADC4-DA5B8A103ADC}.Release|Any CPU.Build.0 = Release|Any CPU
		{9F3B54CE-AE8E-4A38-ADC4-DA5B8A103ADC}.Release|x64.ActiveCfg = Release|Any CPU
		{9F3B54CE-AE8E-4A38-ADC4-DA5B8A103ADC}.Release|x64.Build.0 = Release|Any CPU
		{9F3B54CE-AE8E-4A38-ADC4-DA5B8A103ADC}.Release|x86.ActiveCfg = Release|Any CPU
		{9F3B54CE-AE8E-4A38-ADC4-DA5B8A103ADC}.Release|x86.Build.0 = Release|Any CPU
		{426A6809-83E3-4659-8EF3-2F5271CD264C}.Debug|Any CPU.ActiveCfg = Debug|Any CPU
		{426A6809-83E3-4659-8EF3-2F5271CD264C}.Debug|Any CPU.Build.0 = Debug|Any CPU
		{426A6809-83E3-4659-8EF3-2F5271CD264C}.Debug|x64.ActiveCfg = Debug|Any CPU
		{426A6809-83E3-4659-8EF3-2F5271CD264C}.Debug|x64.Build.0 = Debug|Any CPU
		{426A6809-83E3-4659-8EF3-2F5271CD264C}.Debug|x86.ActiveCfg = Debug|Any CPU
		{426A6809-83E3-4659-8EF3-2F5271CD264C}.Debug|x86.Build.0 = Debug|Any CPU
		{426A6809-83E3-4659-8EF3-2F5271CD264C}.Release|Any CPU.ActiveCfg = Release|Any CPU
		{426A6809-83E3-4659-8EF3-2F5271CD264C}.Release|Any CPU.Build.0 = Release|Any CPU
		{426A6809-83E3-4659-8EF3-2F5271CD264C}.Release|x64.ActiveCfg = Release|Any CPU
		{426A6809-83E3-4659-8EF3-2F5271CD264C}.Release|x64.Build.0 = Release|Any CPU
		{426A6809-83E3-4659-8EF3-2F5271CD264C}.Release|x86.ActiveCfg = Release|Any CPU
		{426A6809-83E3-4659-8EF3-2F5271CD264C}.Release|x86.Build.0 = Release|Any CPU
		{855DD39A-9473-487B-80F1-FB8D3490D582}.Debug|Any CPU.ActiveCfg = Debug|Any CPU
		{855DD39A-9473-487B-80F1-FB8D3490D582}.Debug|Any CPU.Build.0 = Debug|Any CPU
		{855DD39A-9473-487B-80F1-FB8D3490D582}.Debug|x64.ActiveCfg = Debug|Any CPU
		{855DD39A-9473-487B-80F1-FB8D3490D582}.Debug|x64.Build.0 = Debug|Any CPU
		{855DD39A-9473-487B-80F1-FB8D3490D582}.Debug|x86.ActiveCfg = Debug|Any CPU
		{855DD39A-9473-487B-80F1-FB8D3490D582}.Debug|x86.Build.0 = Debug|Any CPU
		{855DD39A-9473-487B-80F1-FB8D3490D582}.Release|Any CPU.ActiveCfg = Release|Any CPU
		{855DD39A-9473-487B-80F1-FB8D3490D582}.Release|Any CPU.Build.0 = Release|Any CPU
		{855DD39A-9473-487B-80F1-FB8D3490D582}.Release|x64.ActiveCfg = Release|Any CPU
		{855DD39A-9473-487B-80F1-FB8D3490D582}.Release|x64.Build.0 = Release|Any CPU
		{855DD39A-9473-487B-80F1-FB8D3490D582}.Release|x86.ActiveCfg = Release|Any CPU
		{855DD39A-9473-487B-80F1-FB8D3490D582}.Release|x86.Build.0 = Release|Any CPU
		{E7E67F83-ECCC-46E6-A296-6215C08EC618}.Debug|Any CPU.ActiveCfg = Debug|Any CPU
		{E7E67F83-ECCC-46E6-A296-6215C08EC618}.Debug|Any CPU.Build.0 = Debug|Any CPU
		{E7E67F83-ECCC-46E6-A296-6215C08EC618}.Debug|x64.ActiveCfg = Debug|Any CPU
		{E7E67F83-ECCC-46E6-A296-6215C08EC618}.Debug|x64.Build.0 = Debug|Any CPU
		{E7E67F83-ECCC-46E6-A296-6215C08EC618}.Debug|x86.ActiveCfg = Debug|Any CPU
		{E7E67F83-ECCC-46E6-A296-6215C08EC618}.Debug|x86.Build.0 = Debug|Any CPU
		{E7E67F83-ECCC-46E6-A296-6215C08EC618}.Release|Any CPU.ActiveCfg = Release|Any CPU
		{E7E67F83-ECCC-46E6-A296-6215C08EC618}.Release|Any CPU.Build.0 = Release|Any CPU
		{E7E67F83-ECCC-46E6-A296-6215C08EC618}.Release|x64.ActiveCfg = Release|Any CPU
		{E7E67F83-ECCC-46E6-A296-6215C08EC618}.Release|x64.Build.0 = Release|Any CPU
		{E7E67F83-ECCC-46E6-A296-6215C08EC618}.Release|x86.ActiveCfg = Release|Any CPU
		{E7E67F83-ECCC-46E6-A296-6215C08EC618}.Release|x86.Build.0 = Release|Any CPU
		{7ACFBAF8-F45C-431B-BB3F-9A0056238AF3}.Debug|Any CPU.ActiveCfg = Debug|Any CPU
		{7ACFBAF8-F45C-431B-BB3F-9A0056238AF3}.Debug|Any CPU.Build.0 = Debug|Any CPU
		{7ACFBAF8-F45C-431B-BB3F-9A0056238AF3}.Debug|x64.ActiveCfg = Debug|Any CPU
		{7ACFBAF8-F45C-431B-BB3F-9A0056238AF3}.Debug|x64.Build.0 = Debug|Any CPU
		{7ACFBAF8-F45C-431B-BB3F-9A0056238AF3}.Debug|x86.ActiveCfg = Debug|Any CPU
		{7ACFBAF8-F45C-431B-BB3F-9A0056238AF3}.Debug|x86.Build.0 = Debug|Any CPU
		{7ACFBAF8-F45C-431B-BB3F-9A0056238AF3}.Release|Any CPU.ActiveCfg = Release|Any CPU
		{7ACFBAF8-F45C-431B-BB3F-9A0056238AF3}.Release|Any CPU.Build.0 = Release|Any CPU
		{7ACFBAF8-F45C-431B-BB3F-9A0056238AF3}.Release|x64.ActiveCfg = Release|Any CPU
		{7ACFBAF8-F45C-431B-BB3F-9A0056238AF3}.Release|x64.Build.0 = Release|Any CPU
		{7ACFBAF8-F45C-431B-BB3F-9A0056238AF3}.Release|x86.ActiveCfg = Release|Any CPU
		{7ACFBAF8-F45C-431B-BB3F-9A0056238AF3}.Release|x86.Build.0 = Release|Any CPU
		{F0EB88CF-F345-402D-BD31-B3B99EBBD053}.Debug|Any CPU.ActiveCfg = Debug|Any CPU
		{F0EB88CF-F345-402D-BD31-B3B99EBBD053}.Debug|Any CPU.Build.0 = Debug|Any CPU
		{F0EB88CF-F345-402D-BD31-B3B99EBBD053}.Debug|x64.ActiveCfg = Debug|Any CPU
		{F0EB88CF-F345-402D-BD31-B3B99EBBD053}.Debug|x64.Build.0 = Debug|Any CPU
		{F0EB88CF-F345-402D-BD31-B3B99EBBD053}.Debug|x86.ActiveCfg = Debug|Any CPU
		{F0EB88CF-F345-402D-BD31-B3B99EBBD053}.Debug|x86.Build.0 = Debug|Any CPU
		{F0EB88CF-F345-402D-BD31-B3B99EBBD053}.Release|Any CPU.ActiveCfg = Release|Any CPU
		{F0EB88CF-F345-402D-BD31-B3B99EBBD053}.Release|Any CPU.Build.0 = Release|Any CPU
		{F0EB88CF-F345-402D-BD31-B3B99EBBD053}.Release|x64.ActiveCfg = Release|Any CPU
		{F0EB88CF-F345-402D-BD31-B3B99EBBD053}.Release|x64.Build.0 = Release|Any CPU
		{F0EB88CF-F345-402D-BD31-B3B99EBBD053}.Release|x86.ActiveCfg = Release|Any CPU
		{F0EB88CF-F345-402D-BD31-B3B99EBBD053}.Release|x86.Build.0 = Release|Any CPU
		{B766CE2C-0AE1-4371-8F7A-DDD60124C5BB}.Debug|Any CPU.ActiveCfg = Debug|Any CPU
		{B766CE2C-0AE1-4371-8F7A-DDD60124C5BB}.Debug|Any CPU.Build.0 = Debug|Any CPU
		{B766CE2C-0AE1-4371-8F7A-DDD60124C5BB}.Debug|x64.ActiveCfg = Debug|Any CPU
		{B766CE2C-0AE1-4371-8F7A-DDD60124C5BB}.Debug|x64.Build.0 = Debug|Any CPU
		{B766CE2C-0AE1-4371-8F7A-DDD60124C5BB}.Debug|x86.ActiveCfg = Debug|Any CPU
		{B766CE2C-0AE1-4371-8F7A-DDD60124C5BB}.Debug|x86.Build.0 = Debug|Any CPU
		{B766CE2C-0AE1-4371-8F7A-DDD60124C5BB}.Release|Any CPU.ActiveCfg = Release|Any CPU
		{B766CE2C-0AE1-4371-8F7A-DDD60124C5BB}.Release|Any CPU.Build.0 = Release|Any CPU
		{B766CE2C-0AE1-4371-8F7A-DDD60124C5BB}.Release|x64.ActiveCfg = Release|Any CPU
		{B766CE2C-0AE1-4371-8F7A-DDD60124C5BB}.Release|x64.Build.0 = Release|Any CPU
		{B766CE2C-0AE1-4371-8F7A-DDD60124C5BB}.Release|x86.ActiveCfg = Release|Any CPU
		{B766CE2C-0AE1-4371-8F7A-DDD60124C5BB}.Release|x86.Build.0 = Release|Any CPU
		{EDD3ED47-1E66-40F8-A203-042B674394BE}.Debug|Any CPU.ActiveCfg = Debug|Any CPU
		{EDD3ED47-1E66-40F8-A203-042B674394BE}.Debug|Any CPU.Build.0 = Debug|Any CPU
		{EDD3ED47-1E66-40F8-A203-042B674394BE}.Debug|x64.ActiveCfg = Debug|Any CPU
		{EDD3ED47-1E66-40F8-A203-042B674394BE}.Debug|x64.Build.0 = Debug|Any CPU
		{EDD3ED47-1E66-40F8-A203-042B674394BE}.Debug|x86.ActiveCfg = Debug|Any CPU
		{EDD3ED47-1E66-40F8-A203-042B674394BE}.Debug|x86.Build.0 = Debug|Any CPU
		{EDD3ED47-1E66-40F8-A203-042B674394BE}.Release|Any CPU.ActiveCfg = Release|Any CPU
		{EDD3ED47-1E66-40F8-A203-042B674394BE}.Release|Any CPU.Build.0 = Release|Any CPU
		{EDD3ED47-1E66-40F8-A203-042B674394BE}.Release|x64.ActiveCfg = Release|Any CPU
		{EDD3ED47-1E66-40F8-A203-042B674394BE}.Release|x64.Build.0 = Release|Any CPU
		{EDD3ED47-1E66-40F8-A203-042B674394BE}.Release|x86.ActiveCfg = Release|Any CPU
		{EDD3ED47-1E66-40F8-A203-042B674394BE}.Release|x86.Build.0 = Release|Any CPU
		{C4DB530F-30A3-4FCF-BA02-FF1432E0BDC2}.Debug|Any CPU.ActiveCfg = Debug|Any CPU
		{C4DB530F-30A3-4FCF-BA02-FF1432E0BDC2}.Debug|Any CPU.Build.0 = Debug|Any CPU
		{C4DB530F-30A3-4FCF-BA02-FF1432E0BDC2}.Debug|x64.ActiveCfg = Debug|Any CPU
		{C4DB530F-30A3-4FCF-BA02-FF1432E0BDC2}.Debug|x64.Build.0 = Debug|Any CPU
		{C4DB530F-30A3-4FCF-BA02-FF1432E0BDC2}.Debug|x86.ActiveCfg = Debug|Any CPU
		{C4DB530F-30A3-4FCF-BA02-FF1432E0BDC2}.Debug|x86.Build.0 = Debug|Any CPU
		{C4DB530F-30A3-4FCF-BA02-FF1432E0BDC2}.Release|Any CPU.ActiveCfg = Release|Any CPU
		{C4DB530F-30A3-4FCF-BA02-FF1432E0BDC2}.Release|Any CPU.Build.0 = Release|Any CPU
		{C4DB530F-30A3-4FCF-BA02-FF1432E0BDC2}.Release|x64.ActiveCfg = Release|Any CPU
		{C4DB530F-30A3-4FCF-BA02-FF1432E0BDC2}.Release|x64.Build.0 = Release|Any CPU
		{C4DB530F-30A3-4FCF-BA02-FF1432E0BDC2}.Release|x86.ActiveCfg = Release|Any CPU
		{C4DB530F-30A3-4FCF-BA02-FF1432E0BDC2}.Release|x86.Build.0 = Release|Any CPU
		{52092FE3-27DF-4583-839F-FD9B677BAE12}.Debug|Any CPU.ActiveCfg = Debug|Any CPU
		{52092FE3-27DF-4583-839F-FD9B677BAE12}.Debug|Any CPU.Build.0 = Debug|Any CPU
		{52092FE3-27DF-4583-839F-FD9B677BAE12}.Debug|x64.ActiveCfg = Debug|Any CPU
		{52092FE3-27DF-4583-839F-FD9B677BAE12}.Debug|x64.Build.0 = Debug|Any CPU
		{52092FE3-27DF-4583-839F-FD9B677BAE12}.Debug|x86.ActiveCfg = Debug|Any CPU
		{52092FE3-27DF-4583-839F-FD9B677BAE12}.Debug|x86.Build.0 = Debug|Any CPU
		{52092FE3-27DF-4583-839F-FD9B677BAE12}.Release|Any CPU.ActiveCfg = Release|Any CPU
		{52092FE3-27DF-4583-839F-FD9B677BAE12}.Release|Any CPU.Build.0 = Release|Any CPU
		{52092FE3-27DF-4583-839F-FD9B677BAE12}.Release|x64.ActiveCfg = Release|Any CPU
		{52092FE3-27DF-4583-839F-FD9B677BAE12}.Release|x64.Build.0 = Release|Any CPU
		{52092FE3-27DF-4583-839F-FD9B677BAE12}.Release|x86.ActiveCfg = Release|Any CPU
		{52092FE3-27DF-4583-839F-FD9B677BAE12}.Release|x86.Build.0 = Release|Any CPU
		{3128E829-4175-43AB-9AD4-E797BFBDF47C}.Debug|Any CPU.ActiveCfg = Debug|Any CPU
		{3128E829-4175-43AB-9AD4-E797BFBDF47C}.Debug|Any CPU.Build.0 = Debug|Any CPU
		{3128E829-4175-43AB-9AD4-E797BFBDF47C}.Debug|x64.ActiveCfg = Debug|Any CPU
		{3128E829-4175-43AB-9AD4-E797BFBDF47C}.Debug|x64.Build.0 = Debug|Any CPU
		{3128E829-4175-43AB-9AD4-E797BFBDF47C}.Debug|x86.ActiveCfg = Debug|Any CPU
		{3128E829-4175-43AB-9AD4-E797BFBDF47C}.Debug|x86.Build.0 = Debug|Any CPU
		{3128E829-4175-43AB-9AD4-E797BFBDF47C}.Release|Any CPU.ActiveCfg = Release|Any CPU
		{3128E829-4175-43AB-9AD4-E797BFBDF47C}.Release|Any CPU.Build.0 = Release|Any CPU
		{3128E829-4175-43AB-9AD4-E797BFBDF47C}.Release|x64.ActiveCfg = Release|Any CPU
		{3128E829-4175-43AB-9AD4-E797BFBDF47C}.Release|x64.Build.0 = Release|Any CPU
		{3128E829-4175-43AB-9AD4-E797BFBDF47C}.Release|x86.ActiveCfg = Release|Any CPU
		{3128E829-4175-43AB-9AD4-E797BFBDF47C}.Release|x86.Build.0 = Release|Any CPU
		{A6750570-EC9E-4227-8B15-BAACB3226CED}.Debug|Any CPU.ActiveCfg = Debug|Any CPU
		{A6750570-EC9E-4227-8B15-BAACB3226CED}.Debug|Any CPU.Build.0 = Debug|Any CPU
		{A6750570-EC9E-4227-8B15-BAACB3226CED}.Debug|x64.ActiveCfg = Debug|Any CPU
		{A6750570-EC9E-4227-8B15-BAACB3226CED}.Debug|x64.Build.0 = Debug|Any CPU
		{A6750570-EC9E-4227-8B15-BAACB3226CED}.Debug|x86.ActiveCfg = Debug|Any CPU
		{A6750570-EC9E-4227-8B15-BAACB3226CED}.Debug|x86.Build.0 = Debug|Any CPU
		{A6750570-EC9E-4227-8B15-BAACB3226CED}.Release|Any CPU.ActiveCfg = Release|Any CPU
		{A6750570-EC9E-4227-8B15-BAACB3226CED}.Release|Any CPU.Build.0 = Release|Any CPU
		{A6750570-EC9E-4227-8B15-BAACB3226CED}.Release|x64.ActiveCfg = Release|Any CPU
		{A6750570-EC9E-4227-8B15-BAACB3226CED}.Release|x64.Build.0 = Release|Any CPU
		{A6750570-EC9E-4227-8B15-BAACB3226CED}.Release|x86.ActiveCfg = Release|Any CPU
		{A6750570-EC9E-4227-8B15-BAACB3226CED}.Release|x86.Build.0 = Release|Any CPU
		{C5556A16-233D-4B28-954A-04FAFB9B477F}.Debug|Any CPU.ActiveCfg = Debug|Any CPU
		{C5556A16-233D-4B28-954A-04FAFB9B477F}.Debug|Any CPU.Build.0 = Debug|Any CPU
		{C5556A16-233D-4B28-954A-04FAFB9B477F}.Debug|x64.ActiveCfg = Debug|Any CPU
		{C5556A16-233D-4B28-954A-04FAFB9B477F}.Debug|x64.Build.0 = Debug|Any CPU
		{C5556A16-233D-4B28-954A-04FAFB9B477F}.Debug|x86.ActiveCfg = Debug|Any CPU
		{C5556A16-233D-4B28-954A-04FAFB9B477F}.Debug|x86.Build.0 = Debug|Any CPU
		{C5556A16-233D-4B28-954A-04FAFB9B477F}.Release|Any CPU.ActiveCfg = Release|Any CPU
		{C5556A16-233D-4B28-954A-04FAFB9B477F}.Release|Any CPU.Build.0 = Release|Any CPU
		{C5556A16-233D-4B28-954A-04FAFB9B477F}.Release|x64.ActiveCfg = Release|Any CPU
		{C5556A16-233D-4B28-954A-04FAFB9B477F}.Release|x64.Build.0 = Release|Any CPU
		{C5556A16-233D-4B28-954A-04FAFB9B477F}.Release|x86.ActiveCfg = Release|Any CPU
		{C5556A16-233D-4B28-954A-04FAFB9B477F}.Release|x86.Build.0 = Release|Any CPU
		{B428AE60-4894-4522-B505-BD48AF8C0AC7}.Debug|Any CPU.ActiveCfg = Debug|Any CPU
		{B428AE60-4894-4522-B505-BD48AF8C0AC7}.Debug|Any CPU.Build.0 = Debug|Any CPU
		{B428AE60-4894-4522-B505-BD48AF8C0AC7}.Debug|x64.ActiveCfg = Debug|Any CPU
		{B428AE60-4894-4522-B505-BD48AF8C0AC7}.Debug|x64.Build.0 = Debug|Any CPU
		{B428AE60-4894-4522-B505-BD48AF8C0AC7}.Debug|x86.ActiveCfg = Debug|Any CPU
		{B428AE60-4894-4522-B505-BD48AF8C0AC7}.Debug|x86.Build.0 = Debug|Any CPU
		{B428AE60-4894-4522-B505-BD48AF8C0AC7}.Release|Any CPU.ActiveCfg = Release|Any CPU
		{B428AE60-4894-4522-B505-BD48AF8C0AC7}.Release|Any CPU.Build.0 = Release|Any CPU
		{B428AE60-4894-4522-B505-BD48AF8C0AC7}.Release|x64.ActiveCfg = Release|Any CPU
		{B428AE60-4894-4522-B505-BD48AF8C0AC7}.Release|x64.Build.0 = Release|Any CPU
		{B428AE60-4894-4522-B505-BD48AF8C0AC7}.Release|x86.ActiveCfg = Release|Any CPU
		{B428AE60-4894-4522-B505-BD48AF8C0AC7}.Release|x86.Build.0 = Release|Any CPU
		{E8C4BF7F-68EB-4A40-9C51-9CD30FCF1811}.Debug|Any CPU.ActiveCfg = Debug|Any CPU
		{E8C4BF7F-68EB-4A40-9C51-9CD30FCF1811}.Debug|Any CPU.Build.0 = Debug|Any CPU
		{E8C4BF7F-68EB-4A40-9C51-9CD30FCF1811}.Debug|x64.ActiveCfg = Debug|Any CPU
		{E8C4BF7F-68EB-4A40-9C51-9CD30FCF1811}.Debug|x64.Build.0 = Debug|Any CPU
		{E8C4BF7F-68EB-4A40-9C51-9CD30FCF1811}.Debug|x86.ActiveCfg = Debug|Any CPU
		{E8C4BF7F-68EB-4A40-9C51-9CD30FCF1811}.Debug|x86.Build.0 = Debug|Any CPU
		{E8C4BF7F-68EB-4A40-9C51-9CD30FCF1811}.Release|Any CPU.ActiveCfg = Release|Any CPU
		{E8C4BF7F-68EB-4A40-9C51-9CD30FCF1811}.Release|Any CPU.Build.0 = Release|Any CPU
		{E8C4BF7F-68EB-4A40-9C51-9CD30FCF1811}.Release|x64.ActiveCfg = Release|Any CPU
		{E8C4BF7F-68EB-4A40-9C51-9CD30FCF1811}.Release|x64.Build.0 = Release|Any CPU
		{E8C4BF7F-68EB-4A40-9C51-9CD30FCF1811}.Release|x86.ActiveCfg = Release|Any CPU
		{E8C4BF7F-68EB-4A40-9C51-9CD30FCF1811}.Release|x86.Build.0 = Release|Any CPU
		{35D030F8-73DF-439D-9CAB-FC5AAF08E343}.Debug|Any CPU.ActiveCfg = Debug|Any CPU
		{35D030F8-73DF-439D-9CAB-FC5AAF08E343}.Debug|Any CPU.Build.0 = Debug|Any CPU
		{35D030F8-73DF-439D-9CAB-FC5AAF08E343}.Debug|x64.ActiveCfg = Debug|Any CPU
		{35D030F8-73DF-439D-9CAB-FC5AAF08E343}.Debug|x64.Build.0 = Debug|Any CPU
		{35D030F8-73DF-439D-9CAB-FC5AAF08E343}.Debug|x86.ActiveCfg = Debug|Any CPU
		{35D030F8-73DF-439D-9CAB-FC5AAF08E343}.Debug|x86.Build.0 = Debug|Any CPU
		{35D030F8-73DF-439D-9CAB-FC5AAF08E343}.Release|Any CPU.ActiveCfg = Release|Any CPU
		{35D030F8-73DF-439D-9CAB-FC5AAF08E343}.Release|Any CPU.Build.0 = Release|Any CPU
		{35D030F8-73DF-439D-9CAB-FC5AAF08E343}.Release|x64.ActiveCfg = Release|Any CPU
		{35D030F8-73DF-439D-9CAB-FC5AAF08E343}.Release|x64.Build.0 = Release|Any CPU
		{35D030F8-73DF-439D-9CAB-FC5AAF08E343}.Release|x86.ActiveCfg = Release|Any CPU
		{35D030F8-73DF-439D-9CAB-FC5AAF08E343}.Release|x86.Build.0 = Release|Any CPU
		{66DB4F88-CB4C-490D-9C01-D4D14C3C990D}.Debug|Any CPU.ActiveCfg = Debug|Any CPU
		{66DB4F88-CB4C-490D-9C01-D4D14C3C990D}.Debug|Any CPU.Build.0 = Debug|Any CPU
		{66DB4F88-CB4C-490D-9C01-D4D14C3C990D}.Debug|x64.ActiveCfg = Debug|Any CPU
		{66DB4F88-CB4C-490D-9C01-D4D14C3C990D}.Debug|x64.Build.0 = Debug|Any CPU
		{66DB4F88-CB4C-490D-9C01-D4D14C3C990D}.Debug|x86.ActiveCfg = Debug|Any CPU
		{66DB4F88-CB4C-490D-9C01-D4D14C3C990D}.Debug|x86.Build.0 = Debug|Any CPU
		{66DB4F88-CB4C-490D-9C01-D4D14C3C990D}.Release|Any CPU.ActiveCfg = Release|Any CPU
		{66DB4F88-CB4C-490D-9C01-D4D14C3C990D}.Release|Any CPU.Build.0 = Release|Any CPU
		{66DB4F88-CB4C-490D-9C01-D4D14C3C990D}.Release|x64.ActiveCfg = Release|Any CPU
		{66DB4F88-CB4C-490D-9C01-D4D14C3C990D}.Release|x64.Build.0 = Release|Any CPU
		{66DB4F88-CB4C-490D-9C01-D4D14C3C990D}.Release|x86.ActiveCfg = Release|Any CPU
		{66DB4F88-CB4C-490D-9C01-D4D14C3C990D}.Release|x86.Build.0 = Release|Any CPU
		{38C098BD-6AC4-4CF0-B5E7-2524A5B9F45C}.Debug|Any CPU.ActiveCfg = Debug|Any CPU
		{38C098BD-6AC4-4CF0-B5E7-2524A5B9F45C}.Debug|Any CPU.Build.0 = Debug|Any CPU
		{38C098BD-6AC4-4CF0-B5E7-2524A5B9F45C}.Debug|x64.ActiveCfg = Debug|Any CPU
		{38C098BD-6AC4-4CF0-B5E7-2524A5B9F45C}.Debug|x64.Build.0 = Debug|Any CPU
		{38C098BD-6AC4-4CF0-B5E7-2524A5B9F45C}.Debug|x86.ActiveCfg = Debug|Any CPU
		{38C098BD-6AC4-4CF0-B5E7-2524A5B9F45C}.Debug|x86.Build.0 = Debug|Any CPU
		{38C098BD-6AC4-4CF0-B5E7-2524A5B9F45C}.Release|Any CPU.ActiveCfg = Release|Any CPU
		{38C098BD-6AC4-4CF0-B5E7-2524A5B9F45C}.Release|Any CPU.Build.0 = Release|Any CPU
		{38C098BD-6AC4-4CF0-B5E7-2524A5B9F45C}.Release|x64.ActiveCfg = Release|Any CPU
		{38C098BD-6AC4-4CF0-B5E7-2524A5B9F45C}.Release|x64.Build.0 = Release|Any CPU
		{38C098BD-6AC4-4CF0-B5E7-2524A5B9F45C}.Release|x86.ActiveCfg = Release|Any CPU
		{38C098BD-6AC4-4CF0-B5E7-2524A5B9F45C}.Release|x86.Build.0 = Release|Any CPU
		{626AA9C9-3F1C-432E-B512-65B71EB71E2B}.Debug|Any CPU.ActiveCfg = Debug|Any CPU
		{626AA9C9-3F1C-432E-B512-65B71EB71E2B}.Debug|Any CPU.Build.0 = Debug|Any CPU
		{626AA9C9-3F1C-432E-B512-65B71EB71E2B}.Debug|x64.ActiveCfg = Debug|Any CPU
		{626AA9C9-3F1C-432E-B512-65B71EB71E2B}.Debug|x64.Build.0 = Debug|Any CPU
		{626AA9C9-3F1C-432E-B512-65B71EB71E2B}.Debug|x86.ActiveCfg = Debug|Any CPU
		{626AA9C9-3F1C-432E-B512-65B71EB71E2B}.Debug|x86.Build.0 = Debug|Any CPU
		{626AA9C9-3F1C-432E-B512-65B71EB71E2B}.Release|Any CPU.ActiveCfg = Release|Any CPU
		{626AA9C9-3F1C-432E-B512-65B71EB71E2B}.Release|Any CPU.Build.0 = Release|Any CPU
		{626AA9C9-3F1C-432E-B512-65B71EB71E2B}.Release|x64.ActiveCfg = Release|Any CPU
		{626AA9C9-3F1C-432E-B512-65B71EB71E2B}.Release|x64.Build.0 = Release|Any CPU
		{626AA9C9-3F1C-432E-B512-65B71EB71E2B}.Release|x86.ActiveCfg = Release|Any CPU
		{626AA9C9-3F1C-432E-B512-65B71EB71E2B}.Release|x86.Build.0 = Release|Any CPU
		{E73DE53B-6059-435F-911E-D8958EF040C4}.Debug|Any CPU.ActiveCfg = Debug|Any CPU
		{E73DE53B-6059-435F-911E-D8958EF040C4}.Debug|Any CPU.Build.0 = Debug|Any CPU
		{E73DE53B-6059-435F-911E-D8958EF040C4}.Debug|x64.ActiveCfg = Debug|Any CPU
		{E73DE53B-6059-435F-911E-D8958EF040C4}.Debug|x64.Build.0 = Debug|Any CPU
		{E73DE53B-6059-435F-911E-D8958EF040C4}.Debug|x86.ActiveCfg = Debug|Any CPU
		{E73DE53B-6059-435F-911E-D8958EF040C4}.Debug|x86.Build.0 = Debug|Any CPU
		{E73DE53B-6059-435F-911E-D8958EF040C4}.Release|Any CPU.ActiveCfg = Release|Any CPU
		{E73DE53B-6059-435F-911E-D8958EF040C4}.Release|Any CPU.Build.0 = Release|Any CPU
		{E73DE53B-6059-435F-911E-D8958EF040C4}.Release|x64.ActiveCfg = Release|Any CPU
		{E73DE53B-6059-435F-911E-D8958EF040C4}.Release|x64.Build.0 = Release|Any CPU
		{E73DE53B-6059-435F-911E-D8958EF040C4}.Release|x86.ActiveCfg = Release|Any CPU
		{E73DE53B-6059-435F-911E-D8958EF040C4}.Release|x86.Build.0 = Release|Any CPU
		{78DF1EBB-70FB-410E-A9FB-2FBC6BEB1D09}.Debug|Any CPU.ActiveCfg = Debug|Any CPU
		{78DF1EBB-70FB-410E-A9FB-2FBC6BEB1D09}.Debug|Any CPU.Build.0 = Debug|Any CPU
		{78DF1EBB-70FB-410E-A9FB-2FBC6BEB1D09}.Debug|x64.ActiveCfg = Debug|Any CPU
		{78DF1EBB-70FB-410E-A9FB-2FBC6BEB1D09}.Debug|x64.Build.0 = Debug|Any CPU
		{78DF1EBB-70FB-410E-A9FB-2FBC6BEB1D09}.Debug|x86.ActiveCfg = Debug|Any CPU
		{78DF1EBB-70FB-410E-A9FB-2FBC6BEB1D09}.Debug|x86.Build.0 = Debug|Any CPU
		{78DF1EBB-70FB-410E-A9FB-2FBC6BEB1D09}.Release|Any CPU.ActiveCfg = Release|Any CPU
		{78DF1EBB-70FB-410E-A9FB-2FBC6BEB1D09}.Release|Any CPU.Build.0 = Release|Any CPU
		{78DF1EBB-70FB-410E-A9FB-2FBC6BEB1D09}.Release|x64.ActiveCfg = Release|Any CPU
		{78DF1EBB-70FB-410E-A9FB-2FBC6BEB1D09}.Release|x64.Build.0 = Release|Any CPU
		{78DF1EBB-70FB-410E-A9FB-2FBC6BEB1D09}.Release|x86.ActiveCfg = Release|Any CPU
		{78DF1EBB-70FB-410E-A9FB-2FBC6BEB1D09}.Release|x86.Build.0 = Release|Any CPU
		{914C5EF9-5B7D-49B0-845B-9ECF05D7D913}.Debug|Any CPU.ActiveCfg = Debug|Any CPU
		{914C5EF9-5B7D-49B0-845B-9ECF05D7D913}.Debug|Any CPU.Build.0 = Debug|Any CPU
		{914C5EF9-5B7D-49B0-845B-9ECF05D7D913}.Debug|x64.ActiveCfg = Debug|Any CPU
		{914C5EF9-5B7D-49B0-845B-9ECF05D7D913}.Debug|x64.Build.0 = Debug|Any CPU
		{914C5EF9-5B7D-49B0-845B-9ECF05D7D913}.Debug|x86.ActiveCfg = Debug|Any CPU
		{914C5EF9-5B7D-49B0-845B-9ECF05D7D913}.Debug|x86.Build.0 = Debug|Any CPU
		{914C5EF9-5B7D-49B0-845B-9ECF05D7D913}.Release|Any CPU.ActiveCfg = Release|Any CPU
		{914C5EF9-5B7D-49B0-845B-9ECF05D7D913}.Release|Any CPU.Build.0 = Release|Any CPU
		{914C5EF9-5B7D-49B0-845B-9ECF05D7D913}.Release|x64.ActiveCfg = Release|Any CPU
		{914C5EF9-5B7D-49B0-845B-9ECF05D7D913}.Release|x64.Build.0 = Release|Any CPU
		{914C5EF9-5B7D-49B0-845B-9ECF05D7D913}.Release|x86.ActiveCfg = Release|Any CPU
		{914C5EF9-5B7D-49B0-845B-9ECF05D7D913}.Release|x86.Build.0 = Release|Any CPU
		{A47F36A6-6DAD-4CD6-B918-177FF4A98BDB}.Debug|Any CPU.ActiveCfg = Debug|Any CPU
		{A47F36A6-6DAD-4CD6-B918-177FF4A98BDB}.Debug|Any CPU.Build.0 = Debug|Any CPU
		{A47F36A6-6DAD-4CD6-B918-177FF4A98BDB}.Debug|x64.ActiveCfg = Debug|Any CPU
		{A47F36A6-6DAD-4CD6-B918-177FF4A98BDB}.Debug|x64.Build.0 = Debug|Any CPU
		{A47F36A6-6DAD-4CD6-B918-177FF4A98BDB}.Debug|x86.ActiveCfg = Debug|Any CPU
		{A47F36A6-6DAD-4CD6-B918-177FF4A98BDB}.Debug|x86.Build.0 = Debug|Any CPU
		{A47F36A6-6DAD-4CD6-B918-177FF4A98BDB}.Release|Any CPU.ActiveCfg = Release|Any CPU
		{A47F36A6-6DAD-4CD6-B918-177FF4A98BDB}.Release|Any CPU.Build.0 = Release|Any CPU
		{A47F36A6-6DAD-4CD6-B918-177FF4A98BDB}.Release|x64.ActiveCfg = Release|Any CPU
		{A47F36A6-6DAD-4CD6-B918-177FF4A98BDB}.Release|x64.Build.0 = Release|Any CPU
		{A47F36A6-6DAD-4CD6-B918-177FF4A98BDB}.Release|x86.ActiveCfg = Release|Any CPU
		{A47F36A6-6DAD-4CD6-B918-177FF4A98BDB}.Release|x86.Build.0 = Release|Any CPU
		{F40F4DBB-E982-490B-AE07-5005764D725A}.Debug|Any CPU.ActiveCfg = Debug|Any CPU
		{F40F4DBB-E982-490B-AE07-5005764D725A}.Debug|Any CPU.Build.0 = Debug|Any CPU
		{F40F4DBB-E982-490B-AE07-5005764D725A}.Debug|x64.ActiveCfg = Debug|Any CPU
		{F40F4DBB-E982-490B-AE07-5005764D725A}.Debug|x64.Build.0 = Debug|Any CPU
		{F40F4DBB-E982-490B-AE07-5005764D725A}.Debug|x86.ActiveCfg = Debug|Any CPU
		{F40F4DBB-E982-490B-AE07-5005764D725A}.Debug|x86.Build.0 = Debug|Any CPU
		{F40F4DBB-E982-490B-AE07-5005764D725A}.Release|Any CPU.ActiveCfg = Release|Any CPU
		{F40F4DBB-E982-490B-AE07-5005764D725A}.Release|Any CPU.Build.0 = Release|Any CPU
		{F40F4DBB-E982-490B-AE07-5005764D725A}.Release|x64.ActiveCfg = Release|Any CPU
		{F40F4DBB-E982-490B-AE07-5005764D725A}.Release|x64.Build.0 = Release|Any CPU
		{F40F4DBB-E982-490B-AE07-5005764D725A}.Release|x86.ActiveCfg = Release|Any CPU
		{F40F4DBB-E982-490B-AE07-5005764D725A}.Release|x86.Build.0 = Release|Any CPU
		{857E6864-B8B0-40F9-9EE3-760DD89F35D0}.Debug|Any CPU.ActiveCfg = Debug|Any CPU
		{857E6864-B8B0-40F9-9EE3-760DD89F35D0}.Debug|Any CPU.Build.0 = Debug|Any CPU
		{857E6864-B8B0-40F9-9EE3-760DD89F35D0}.Debug|x64.ActiveCfg = Debug|Any CPU
		{857E6864-B8B0-40F9-9EE3-760DD89F35D0}.Debug|x64.Build.0 = Debug|Any CPU
		{857E6864-B8B0-40F9-9EE3-760DD89F35D0}.Debug|x86.ActiveCfg = Debug|Any CPU
		{857E6864-B8B0-40F9-9EE3-760DD89F35D0}.Debug|x86.Build.0 = Debug|Any CPU
		{857E6864-B8B0-40F9-9EE3-760DD89F35D0}.Release|Any CPU.ActiveCfg = Release|Any CPU
		{857E6864-B8B0-40F9-9EE3-760DD89F35D0}.Release|Any CPU.Build.0 = Release|Any CPU
		{857E6864-B8B0-40F9-9EE3-760DD89F35D0}.Release|x64.ActiveCfg = Release|Any CPU
		{857E6864-B8B0-40F9-9EE3-760DD89F35D0}.Release|x64.Build.0 = Release|Any CPU
		{857E6864-B8B0-40F9-9EE3-760DD89F35D0}.Release|x86.ActiveCfg = Release|Any CPU
		{857E6864-B8B0-40F9-9EE3-760DD89F35D0}.Release|x86.Build.0 = Release|Any CPU
		{7426AA95-C543-4DD4-AD62-9A66C3F7ADDA}.Debug|Any CPU.ActiveCfg = Debug|Any CPU
		{7426AA95-C543-4DD4-AD62-9A66C3F7ADDA}.Debug|Any CPU.Build.0 = Debug|Any CPU
		{7426AA95-C543-4DD4-AD62-9A66C3F7ADDA}.Debug|x64.ActiveCfg = Debug|Any CPU
		{7426AA95-C543-4DD4-AD62-9A66C3F7ADDA}.Debug|x64.Build.0 = Debug|Any CPU
		{7426AA95-C543-4DD4-AD62-9A66C3F7ADDA}.Debug|x86.ActiveCfg = Debug|Any CPU
		{7426AA95-C543-4DD4-AD62-9A66C3F7ADDA}.Debug|x86.Build.0 = Debug|Any CPU
		{7426AA95-C543-4DD4-AD62-9A66C3F7ADDA}.Release|Any CPU.ActiveCfg = Release|Any CPU
		{7426AA95-C543-4DD4-AD62-9A66C3F7ADDA}.Release|Any CPU.Build.0 = Release|Any CPU
		{7426AA95-C543-4DD4-AD62-9A66C3F7ADDA}.Release|x64.ActiveCfg = Release|Any CPU
		{7426AA95-C543-4DD4-AD62-9A66C3F7ADDA}.Release|x64.Build.0 = Release|Any CPU
		{7426AA95-C543-4DD4-AD62-9A66C3F7ADDA}.Release|x86.ActiveCfg = Release|Any CPU
		{7426AA95-C543-4DD4-AD62-9A66C3F7ADDA}.Release|x86.Build.0 = Release|Any CPU
		{A5286AC0-F411-4F4F-84F0-833026778710}.Debug|Any CPU.ActiveCfg = Debug|Any CPU
		{A5286AC0-F411-4F4F-84F0-833026778710}.Debug|Any CPU.Build.0 = Debug|Any CPU
		{A5286AC0-F411-4F4F-84F0-833026778710}.Debug|x64.ActiveCfg = Debug|Any CPU
		{A5286AC0-F411-4F4F-84F0-833026778710}.Debug|x64.Build.0 = Debug|Any CPU
		{A5286AC0-F411-4F4F-84F0-833026778710}.Debug|x86.ActiveCfg = Debug|Any CPU
		{A5286AC0-F411-4F4F-84F0-833026778710}.Debug|x86.Build.0 = Debug|Any CPU
		{A5286AC0-F411-4F4F-84F0-833026778710}.Release|Any CPU.ActiveCfg = Release|Any CPU
		{A5286AC0-F411-4F4F-84F0-833026778710}.Release|Any CPU.Build.0 = Release|Any CPU
		{A5286AC0-F411-4F4F-84F0-833026778710}.Release|x64.ActiveCfg = Release|Any CPU
		{A5286AC0-F411-4F4F-84F0-833026778710}.Release|x64.Build.0 = Release|Any CPU
		{A5286AC0-F411-4F4F-84F0-833026778710}.Release|x86.ActiveCfg = Release|Any CPU
		{A5286AC0-F411-4F4F-84F0-833026778710}.Release|x86.Build.0 = Release|Any CPU
		{B1C2D3E4-F5A6-7890-ABCD-EF1234567890}.Debug|Any CPU.ActiveCfg = Debug|Any CPU
		{B1C2D3E4-F5A6-7890-ABCD-EF1234567890}.Debug|Any CPU.Build.0 = Debug|Any CPU
		{B1C2D3E4-F5A6-7890-ABCD-EF1234567890}.Debug|x64.ActiveCfg = Debug|Any CPU
		{B1C2D3E4-F5A6-7890-ABCD-EF1234567890}.Debug|x64.Build.0 = Debug|Any CPU
		{B1C2D3E4-F5A6-7890-ABCD-EF1234567890}.Debug|x86.ActiveCfg = Debug|Any CPU
		{B1C2D3E4-F5A6-7890-ABCD-EF1234567890}.Debug|x86.Build.0 = Debug|Any CPU
		{B1C2D3E4-F5A6-7890-ABCD-EF1234567890}.Release|Any CPU.ActiveCfg = Release|Any CPU
		{B1C2D3E4-F5A6-7890-ABCD-EF1234567890}.Release|Any CPU.Build.0 = Release|Any CPU
		{B1C2D3E4-F5A6-7890-ABCD-EF1234567890}.Release|x64.ActiveCfg = Release|Any CPU
		{B1C2D3E4-F5A6-7890-ABCD-EF1234567890}.Release|x64.Build.0 = Release|Any CPU
		{B1C2D3E4-F5A6-7890-ABCD-EF1234567890}.Release|x86.ActiveCfg = Release|Any CPU
		{B1C2D3E4-F5A6-7890-ABCD-EF1234567890}.Release|x86.Build.0 = Release|Any CPU
		{E98756A4-E0F1-4F67-8BF5-BB979B3E632C}.Debug|Any CPU.ActiveCfg = Debug|Any CPU
		{E98756A4-E0F1-4F67-8BF5-BB979B3E632C}.Debug|Any CPU.Build.0 = Debug|Any CPU
		{E98756A4-E0F1-4F67-8BF5-BB979B3E632C}.Debug|x64.ActiveCfg = Debug|Any CPU
		{E98756A4-E0F1-4F67-8BF5-BB979B3E632C}.Debug|x64.Build.0 = Debug|Any CPU
		{E98756A4-E0F1-4F67-8BF5-BB979B3E632C}.Debug|x86.ActiveCfg = Debug|Any CPU
		{E98756A4-E0F1-4F67-8BF5-BB979B3E632C}.Debug|x86.Build.0 = Debug|Any CPU
		{E98756A4-E0F1-4F67-8BF5-BB979B3E632C}.Release|Any CPU.ActiveCfg = Release|Any CPU
		{E98756A4-E0F1-4F67-8BF5-BB979B3E632C}.Release|Any CPU.Build.0 = Release|Any CPU
		{E98756A4-E0F1-4F67-8BF5-BB979B3E632C}.Release|x64.ActiveCfg = Release|Any CPU
		{E98756A4-E0F1-4F67-8BF5-BB979B3E632C}.Release|x64.Build.0 = Release|Any CPU
		{E98756A4-E0F1-4F67-8BF5-BB979B3E632C}.Release|x86.ActiveCfg = Release|Any CPU
		{E98756A4-E0F1-4F67-8BF5-BB979B3E632C}.Release|x86.Build.0 = Release|Any CPU
		{D96D94DA-02D5-42B3-9790-94D843DA8282}.Debug|Any CPU.ActiveCfg = Debug|Any CPU
		{D96D94DA-02D5-42B3-9790-94D843DA8282}.Debug|Any CPU.Build.0 = Debug|Any CPU
		{D96D94DA-02D5-42B3-9790-94D843DA8282}.Debug|x64.ActiveCfg = Debug|Any CPU
		{D96D94DA-02D5-42B3-9790-94D843DA8282}.Debug|x64.Build.0 = Debug|Any CPU
		{D96D94DA-02D5-42B3-9790-94D843DA8282}.Debug|x86.ActiveCfg = Debug|Any CPU
		{D96D94DA-02D5-42B3-9790-94D843DA8282}.Debug|x86.Build.0 = Debug|Any CPU
		{D96D94DA-02D5-42B3-9790-94D843DA8282}.Release|Any CPU.ActiveCfg = Release|Any CPU
		{D96D94DA-02D5-42B3-9790-94D843DA8282}.Release|Any CPU.Build.0 = Release|Any CPU
		{D96D94DA-02D5-42B3-9790-94D843DA8282}.Release|x64.ActiveCfg = Release|Any CPU
		{D96D94DA-02D5-42B3-9790-94D843DA8282}.Release|x64.Build.0 = Release|Any CPU
		{D96D94DA-02D5-42B3-9790-94D843DA8282}.Release|x86.ActiveCfg = Release|Any CPU
		{D96D94DA-02D5-42B3-9790-94D843DA8282}.Release|x86.Build.0 = Release|Any CPU
		{299DC8F9-5723-4FAD-B32F-1412B2CCB50D}.Debug|Any CPU.ActiveCfg = Debug|Any CPU
		{299DC8F9-5723-4FAD-B32F-1412B2CCB50D}.Debug|Any CPU.Build.0 = Debug|Any CPU
		{299DC8F9-5723-4FAD-B32F-1412B2CCB50D}.Debug|x64.ActiveCfg = Debug|Any CPU
		{299DC8F9-5723-4FAD-B32F-1412B2CCB50D}.Debug|x64.Build.0 = Debug|Any CPU
		{299DC8F9-5723-4FAD-B32F-1412B2CCB50D}.Debug|x86.ActiveCfg = Debug|Any CPU
		{299DC8F9-5723-4FAD-B32F-1412B2CCB50D}.Debug|x86.Build.0 = Debug|Any CPU
		{299DC8F9-5723-4FAD-B32F-1412B2CCB50D}.Release|Any CPU.ActiveCfg = Release|Any CPU
		{299DC8F9-5723-4FAD-B32F-1412B2CCB50D}.Release|Any CPU.Build.0 = Release|Any CPU
		{299DC8F9-5723-4FAD-B32F-1412B2CCB50D}.Release|x64.ActiveCfg = Release|Any CPU
		{299DC8F9-5723-4FAD-B32F-1412B2CCB50D}.Release|x64.Build.0 = Release|Any CPU
		{299DC8F9-5723-4FAD-B32F-1412B2CCB50D}.Release|x86.ActiveCfg = Release|Any CPU
		{299DC8F9-5723-4FAD-B32F-1412B2CCB50D}.Release|x86.Build.0 = Release|Any CPU
		{4350FAB2-C943-41BD-8E0F-8CA355CFBAC4}.Debug|Any CPU.ActiveCfg = Debug|Any CPU
		{4350FAB2-C943-41BD-8E0F-8CA355CFBAC4}.Debug|Any CPU.Build.0 = Debug|Any CPU
		{4350FAB2-C943-41BD-8E0F-8CA355CFBAC4}.Debug|x64.ActiveCfg = Debug|Any CPU
		{4350FAB2-C943-41BD-8E0F-8CA355CFBAC4}.Debug|x64.Build.0 = Debug|Any CPU
		{4350FAB2-C943-41BD-8E0F-8CA355CFBAC4}.Debug|x86.ActiveCfg = Debug|Any CPU
		{4350FAB2-C943-41BD-8E0F-8CA355CFBAC4}.Debug|x86.Build.0 = Debug|Any CPU
		{4350FAB2-C943-41BD-8E0F-8CA355CFBAC4}.Release|Any CPU.ActiveCfg = Release|Any CPU
		{4350FAB2-C943-41BD-8E0F-8CA355CFBAC4}.Release|Any CPU.Build.0 = Release|Any CPU
		{4350FAB2-C943-41BD-8E0F-8CA355CFBAC4}.Release|x64.ActiveCfg = Release|Any CPU
		{4350FAB2-C943-41BD-8E0F-8CA355CFBAC4}.Release|x64.Build.0 = Release|Any CPU
		{4350FAB2-C943-41BD-8E0F-8CA355CFBAC4}.Release|x86.ActiveCfg = Release|Any CPU
		{4350FAB2-C943-41BD-8E0F-8CA355CFBAC4}.Release|x86.Build.0 = Release|Any CPU
		{E0E255C5-0499-4BFE-BB44-AB491A4637AF}.Debug|Any CPU.ActiveCfg = Debug|Any CPU
		{E0E255C5-0499-4BFE-BB44-AB491A4637AF}.Debug|Any CPU.Build.0 = Debug|Any CPU
		{E0E255C5-0499-4BFE-BB44-AB491A4637AF}.Debug|x64.ActiveCfg = Debug|Any CPU
		{E0E255C5-0499-4BFE-BB44-AB491A4637AF}.Debug|x64.Build.0 = Debug|Any CPU
		{E0E255C5-0499-4BFE-BB44-AB491A4637AF}.Debug|x86.ActiveCfg = Debug|Any CPU
		{E0E255C5-0499-4BFE-BB44-AB491A4637AF}.Debug|x86.Build.0 = Debug|Any CPU
		{E0E255C5-0499-4BFE-BB44-AB491A4637AF}.Release|Any CPU.ActiveCfg = Release|Any CPU
		{E0E255C5-0499-4BFE-BB44-AB491A4637AF}.Release|Any CPU.Build.0 = Release|Any CPU
		{E0E255C5-0499-4BFE-BB44-AB491A4637AF}.Release|x64.ActiveCfg = Release|Any CPU
		{E0E255C5-0499-4BFE-BB44-AB491A4637AF}.Release|x64.Build.0 = Release|Any CPU
		{E0E255C5-0499-4BFE-BB44-AB491A4637AF}.Release|x86.ActiveCfg = Release|Any CPU
		{E0E255C5-0499-4BFE-BB44-AB491A4637AF}.Release|x86.Build.0 = Release|Any CPU
		{8A0CBFF4-F342-4D92-A983-70EA8D3CD8A0}.Debug|Any CPU.ActiveCfg = Debug|Any CPU
		{8A0CBFF4-F342-4D92-A983-70EA8D3CD8A0}.Debug|Any CPU.Build.0 = Debug|Any CPU
		{8A0CBFF4-F342-4D92-A983-70EA8D3CD8A0}.Debug|x64.ActiveCfg = Debug|Any CPU
		{8A0CBFF4-F342-4D92-A983-70EA8D3CD8A0}.Debug|x64.Build.0 = Debug|Any CPU
		{8A0CBFF4-F342-4D92-A983-70EA8D3CD8A0}.Debug|x86.ActiveCfg = Debug|Any CPU
		{8A0CBFF4-F342-4D92-A983-70EA8D3CD8A0}.Debug|x86.Build.0 = Debug|Any CPU
		{8A0CBFF4-F342-4D92-A983-70EA8D3CD8A0}.Release|Any CPU.ActiveCfg = Release|Any CPU
		{8A0CBFF4-F342-4D92-A983-70EA8D3CD8A0}.Release|Any CPU.Build.0 = Release|Any CPU
		{8A0CBFF4-F342-4D92-A983-70EA8D3CD8A0}.Release|x64.ActiveCfg = Release|Any CPU
		{8A0CBFF4-F342-4D92-A983-70EA8D3CD8A0}.Release|x64.Build.0 = Release|Any CPU
		{8A0CBFF4-F342-4D92-A983-70EA8D3CD8A0}.Release|x86.ActiveCfg = Release|Any CPU
		{8A0CBFF4-F342-4D92-A983-70EA8D3CD8A0}.Release|x86.Build.0 = Release|Any CPU
		{85A74094-C4FE-4A4C-89EE-3467AC2AFE87}.Debug|Any CPU.ActiveCfg = Debug|Any CPU
		{85A74094-C4FE-4A4C-89EE-3467AC2AFE87}.Debug|Any CPU.Build.0 = Debug|Any CPU
		{85A74094-C4FE-4A4C-89EE-3467AC2AFE87}.Debug|x64.ActiveCfg = Debug|Any CPU
		{85A74094-C4FE-4A4C-89EE-3467AC2AFE87}.Debug|x64.Build.0 = Debug|Any CPU
		{85A74094-C4FE-4A4C-89EE-3467AC2AFE87}.Debug|x86.ActiveCfg = Debug|Any CPU
		{85A74094-C4FE-4A4C-89EE-3467AC2AFE87}.Debug|x86.Build.0 = Debug|Any CPU
		{85A74094-C4FE-4A4C-89EE-3467AC2AFE87}.Release|Any CPU.ActiveCfg = Release|Any CPU
		{85A74094-C4FE-4A4C-89EE-3467AC2AFE87}.Release|Any CPU.Build.0 = Release|Any CPU
		{85A74094-C4FE-4A4C-89EE-3467AC2AFE87}.Release|x64.ActiveCfg = Release|Any CPU
		{85A74094-C4FE-4A4C-89EE-3467AC2AFE87}.Release|x64.Build.0 = Release|Any CPU
		{85A74094-C4FE-4A4C-89EE-3467AC2AFE87}.Release|x86.ActiveCfg = Release|Any CPU
		{85A74094-C4FE-4A4C-89EE-3467AC2AFE87}.Release|x86.Build.0 = Release|Any CPU
		{C84A07B0-DBE0-4B03-88A4-A038F0FAE7A3}.Debug|Any CPU.ActiveCfg = Debug|Any CPU
		{C84A07B0-DBE0-4B03-88A4-A038F0FAE7A3}.Debug|Any CPU.Build.0 = Debug|Any CPU
		{C84A07B0-DBE0-4B03-88A4-A038F0FAE7A3}.Debug|x64.ActiveCfg = Debug|Any CPU
		{C84A07B0-DBE0-4B03-88A4-A038F0FAE7A3}.Debug|x64.Build.0 = Debug|Any CPU
		{C84A07B0-DBE0-4B03-88A4-A038F0FAE7A3}.Debug|x86.ActiveCfg = Debug|Any CPU
		{C84A07B0-DBE0-4B03-88A4-A038F0FAE7A3}.Debug|x86.Build.0 = Debug|Any CPU
		{C84A07B0-DBE0-4B03-88A4-A038F0FAE7A3}.Release|Any CPU.ActiveCfg = Release|Any CPU
		{C84A07B0-DBE0-4B03-88A4-A038F0FAE7A3}.Release|Any CPU.Build.0 = Release|Any CPU
		{C84A07B0-DBE0-4B03-88A4-A038F0FAE7A3}.Release|x64.ActiveCfg = Release|Any CPU
		{C84A07B0-DBE0-4B03-88A4-A038F0FAE7A3}.Release|x64.Build.0 = Release|Any CPU
		{C84A07B0-DBE0-4B03-88A4-A038F0FAE7A3}.Release|x86.ActiveCfg = Release|Any CPU
		{C84A07B0-DBE0-4B03-88A4-A038F0FAE7A3}.Release|x86.Build.0 = Release|Any CPU
		{EEC6A29A-DC28-47BC-AE94-FB00758C6937}.Debug|Any CPU.ActiveCfg = Debug|Any CPU
		{EEC6A29A-DC28-47BC-AE94-FB00758C6937}.Debug|Any CPU.Build.0 = Debug|Any CPU
		{EEC6A29A-DC28-47BC-AE94-FB00758C6937}.Debug|x64.ActiveCfg = Debug|Any CPU
		{EEC6A29A-DC28-47BC-AE94-FB00758C6937}.Debug|x64.Build.0 = Debug|Any CPU
		{EEC6A29A-DC28-47BC-AE94-FB00758C6937}.Debug|x86.ActiveCfg = Debug|Any CPU
		{EEC6A29A-DC28-47BC-AE94-FB00758C6937}.Debug|x86.Build.0 = Debug|Any CPU
		{EEC6A29A-DC28-47BC-AE94-FB00758C6937}.Release|Any CPU.ActiveCfg = Release|Any CPU
		{EEC6A29A-DC28-47BC-AE94-FB00758C6937}.Release|Any CPU.Build.0 = Release|Any CPU
		{EEC6A29A-DC28-47BC-AE94-FB00758C6937}.Release|x64.ActiveCfg = Release|Any CPU
		{EEC6A29A-DC28-47BC-AE94-FB00758C6937}.Release|x64.Build.0 = Release|Any CPU
		{EEC6A29A-DC28-47BC-AE94-FB00758C6937}.Release|x86.ActiveCfg = Release|Any CPU
		{EEC6A29A-DC28-47BC-AE94-FB00758C6937}.Release|x86.Build.0 = Release|Any CPU
		{99A1623A-EA46-4D06-99CE-30F966259DF8}.Debug|Any CPU.ActiveCfg = Debug|Any CPU
		{99A1623A-EA46-4D06-99CE-30F966259DF8}.Debug|Any CPU.Build.0 = Debug|Any CPU
		{99A1623A-EA46-4D06-99CE-30F966259DF8}.Debug|x64.ActiveCfg = Debug|Any CPU
		{99A1623A-EA46-4D06-99CE-30F966259DF8}.Debug|x64.Build.0 = Debug|Any CPU
		{99A1623A-EA46-4D06-99CE-30F966259DF8}.Debug|x86.ActiveCfg = Debug|Any CPU
		{99A1623A-EA46-4D06-99CE-30F966259DF8}.Debug|x86.Build.0 = Debug|Any CPU
		{99A1623A-EA46-4D06-99CE-30F966259DF8}.Release|Any CPU.ActiveCfg = Release|Any CPU
		{99A1623A-EA46-4D06-99CE-30F966259DF8}.Release|Any CPU.Build.0 = Release|Any CPU
		{99A1623A-EA46-4D06-99CE-30F966259DF8}.Release|x64.ActiveCfg = Release|Any CPU
		{99A1623A-EA46-4D06-99CE-30F966259DF8}.Release|x64.Build.0 = Release|Any CPU
		{99A1623A-EA46-4D06-99CE-30F966259DF8}.Release|x86.ActiveCfg = Release|Any CPU
		{99A1623A-EA46-4D06-99CE-30F966259DF8}.Release|x86.Build.0 = Release|Any CPU
	EndGlobalSection
	GlobalSection(SolutionProperties) = preSolution
		HideSolutionNode = FALSE
	EndGlobalSection
	GlobalSection(NestedProjects) = preSolution
		{F2D436C6-FF73-4FBF-8DB6-AADFBA160321} = {827E0CD3-B72D-47B6-A68D-7590B98EB39B}
		{FC9498CD-BBE2-491B-AEA7-4B5E6976BED5} = {827E0CD3-B72D-47B6-A68D-7590B98EB39B}
		{9662D97D-7463-438E-BC44-62DFFC3AF1AE} = {5D20AA90-6969-D8BD-9DCD-8634F4692FDA}
		{36CE6C3B-D567-4CB9-BBF7-A4BF03BCC376} = {0AB3BF05-4346-4AA6-1389-037BE0695223}
		{D078E54C-F906-4B47-A7DC-DDDA83A80B3D} = {827E0CD3-B72D-47B6-A68D-7590B98EB39B}
		{3A1B94E2-5C8D-4F71-B823-9D0E6F2A4C17} = {827E0CD3-B72D-47B6-A68D-7590B98EB39B}
		{5E7F1987-5623-429D-8C15-0791D609282D} = {827E0CD3-B72D-47B6-A68D-7590B98EB39B}
		{9F3EF938-F983-44B7-9CC8-2631B1C2D2FF} = {827E0CD3-B72D-47B6-A68D-7590B98EB39B}
		{8207C5E5-A291-462D-AA08-52239AC67A73} = {827E0CD3-B72D-47B6-A68D-7590B98EB39B}
		{1A8B39BA-A50F-4CEA-95E5-A50D75A4F203} = {827E0CD3-B72D-47B6-A68D-7590B98EB39B}
		{BD7D517D-4798-42EF-BEE4-F78B53E6A6EF} = {827E0CD3-B72D-47B6-A68D-7590B98EB39B}
		{4616BB00-D80E-443F-9F88-2A2A00F025BC} = {827E0CD3-B72D-47B6-A68D-7590B98EB39B}
		{EDA46E58-B7F8-49D8-9129-7172437CAE7A} = {827E0CD3-B72D-47B6-A68D-7590B98EB39B}
		{9F3B54CE-AE8E-4A38-ADC4-DA5B8A103ADC} = {827E0CD3-B72D-47B6-A68D-7590B98EB39B}
		{426A6809-83E3-4659-8EF3-2F5271CD264C} = {827E0CD3-B72D-47B6-A68D-7590B98EB39B}
		{855DD39A-9473-487B-80F1-FB8D3490D582} = {827E0CD3-B72D-47B6-A68D-7590B98EB39B}
		{E7E67F83-ECCC-46E6-A296-6215C08EC618} = {827E0CD3-B72D-47B6-A68D-7590B98EB39B}
		{7ACFBAF8-F45C-431B-BB3F-9A0056238AF3} = {827E0CD3-B72D-47B6-A68D-7590B98EB39B}
		{F0EB88CF-F345-402D-BD31-B3B99EBBD053} = {827E0CD3-B72D-47B6-A68D-7590B98EB39B}
		{B766CE2C-0AE1-4371-8F7A-DDD60124C5BB} = {5D20AA90-6969-D8BD-9DCD-8634F4692FDA}
		{EDD3ED47-1E66-40F8-A203-042B674394BE} = {5D20AA90-6969-D8BD-9DCD-8634F4692FDA}
		{C4DB530F-30A3-4FCF-BA02-FF1432E0BDC2} = {5D20AA90-6969-D8BD-9DCD-8634F4692FDA}
		{52092FE3-27DF-4583-839F-FD9B677BAE12} = {5D20AA90-6969-D8BD-9DCD-8634F4692FDA}
		{3128E829-4175-43AB-9AD4-E797BFBDF47C} = {5D20AA90-6969-D8BD-9DCD-8634F4692FDA}
		{A6750570-EC9E-4227-8B15-BAACB3226CED} = {5D20AA90-6969-D8BD-9DCD-8634F4692FDA}
		{C5556A16-233D-4B28-954A-04FAFB9B477F} = {5D20AA90-6969-D8BD-9DCD-8634F4692FDA}
		{B428AE60-4894-4522-B505-BD48AF8C0AC7} = {5D20AA90-6969-D8BD-9DCD-8634F4692FDA}
		{E8C4BF7F-68EB-4A40-9C51-9CD30FCF1811} = {5D20AA90-6969-D8BD-9DCD-8634F4692FDA}
		{35D030F8-73DF-439D-9CAB-FC5AAF08E343} = {5D20AA90-6969-D8BD-9DCD-8634F4692FDA}
		{66DB4F88-CB4C-490D-9C01-D4D14C3C990D} = {5D20AA90-6969-D8BD-9DCD-8634F4692FDA}
		{38C098BD-6AC4-4CF0-B5E7-2524A5B9F45C} = {5D20AA90-6969-D8BD-9DCD-8634F4692FDA}
		{626AA9C9-3F1C-432E-B512-65B71EB71E2B} = {827E0CD3-B72D-47B6-A68D-7590B98EB39B}
		{E73DE53B-6059-435F-911E-D8958EF040C4} = {827E0CD3-B72D-47B6-A68D-7590B98EB39B}
		{78DF1EBB-70FB-410E-A9FB-2FBC6BEB1D09} = {827E0CD3-B72D-47B6-A68D-7590B98EB39B}
		{914C5EF9-5B7D-49B0-845B-9ECF05D7D913} = {827E0CD3-B72D-47B6-A68D-7590B98EB39B}
		{A47F36A6-6DAD-4CD6-B918-177FF4A98BDB} = {827E0CD3-B72D-47B6-A68D-7590B98EB39B}
		{F40F4DBB-E982-490B-AE07-5005764D725A} = {827E0CD3-B72D-47B6-A68D-7590B98EB39B}
		{857E6864-B8B0-40F9-9EE3-760DD89F35D0} = {5D20AA90-6969-D8BD-9DCD-8634F4692FDA}
		{7426AA95-C543-4DD4-AD62-9A66C3F7ADDA} = {5D20AA90-6969-D8BD-9DCD-8634F4692FDA}
		{A5286AC0-F411-4F4F-84F0-833026778710} = {5D20AA90-6969-D8BD-9DCD-8634F4692FDA}
		{B1C2D3E4-F5A6-7890-ABCD-EF1234567890} = {5D20AA90-6969-D8BD-9DCD-8634F4692FDA}
		{E98756A4-E0F1-4F67-8BF5-BB979B3E632C} = {827E0CD3-B72D-47B6-A68D-7590B98EB39B}
		{D96D94DA-02D5-42B3-9790-94D843DA8282} = {827E0CD3-B72D-47B6-A68D-7590B98EB39B}
		{299DC8F9-5723-4FAD-B32F-1412B2CCB50D} = {5D20AA90-6969-D8BD-9DCD-8634F4692FDA}
		{4350FAB2-C943-41BD-8E0F-8CA355CFBAC4} = {827E0CD3-B72D-47B6-A68D-7590B98EB39B}
		{E0E255C5-0499-4BFE-BB44-AB491A4637AF} = {827E0CD3-B72D-47B6-A68D-7590B98EB39B}
		{8A0CBFF4-F342-4D92-A983-70EA8D3CD8A0} = {5D20AA90-6969-D8BD-9DCD-8634F4692FDA}
		{85A74094-C4FE-4A4C-89EE-3467AC2AFE87} = {A6F96D4E-AC77-45F3-989E-6760DAE87AA1}
		{C84A07B0-DBE0-4B03-88A4-A038F0FAE7A3} = {A6F96D4E-AC77-45F3-989E-6760DAE87AA1}
		{EEC6A29A-DC28-47BC-AE94-FB00758C6937} = {A6F96D4E-AC77-45F3-989E-6760DAE87AA1}
		{99A1623A-EA46-4D06-99CE-30F966259DF8} = {A6F96D4E-AC77-45F3-989E-6760DAE87AA1}
	EndGlobalSection
EndGlobal
